<?xml version="1.0" encoding="UTF-8" standalone="yes" ?>
<CodeBlocks_project_file>
	<FileVersion major="1" minor="6" />
	<Project>
		<Option title="osproject" />
		<Option pch_mode="2" />
		<Option compiler="gcc" />
		<Build>
			<Target title="Release">
				<Option output="bin/Release/osproject" prefix_auto="1" extension_auto="1" />
				<Option object_output="obj/Release/" />
				<Option type="1" />
				<Option compiler="gcc" />
				<Compiler>
					<Add option="-O2" />
				</Compiler>
				<Linker>
					<Add option="-s" />
				</Linker>
			</Target>
		</Build>
		<Compiler>
			<Add option="-Wall" />
		</Compiler>
		<Unit filename="../../os/bootloader.S" />
		<Unit filename="../../os/bootloader.asm" />
		<Unit filename="../../os/bootloaderusb.asm" />
		<Unit filename="../../os/kernel/asmint32.S" />
		<Unit filename="../../os/kernel/entry.S" />
		<Unit filename="../../os/kernel/entry.ld" />
		<Unit filename="../../os/kernel/fifo.c">
			<Option compilerVar="CC" />
		</Unit>
		<Unit filename="../../os/kernel/game.c">
			<Option compilerVar="CC" />
		</Unit>
		<Unit filename="../../os/kernel/idtgdt.c">
			<Option compilerVar="CC" />
		</Unit>
		<Unit filename="../../os/kernel/include/fifo.h" />
		<Unit filename="../../os/kernel/include/font.h" />
		<Unit filename="../../os/kernel/include/fontascii.h" />
		<Unit filename="../../os/kernel/include/game.h" />
		<Unit filename="../../os/kernel/include/header.h" />
		<Unit filename="../../os/kernel/include/idtgdt.h" />
		<Unit filename="../../os/kernel/include/int.h" />
		<Unit filename="../../os/kernel/include/mm.h" />
		<Unit filename="../../os/kernel/include/mmu.h" />
		<Unit filename="../../os/kernel/include/screen.h" />
		<Unit filename="../../os/kernel/include/timer.h" />
		<Unit filename="../../os/kernel/include/types.h" />
		<Unit filename="../../os/kernel/include/x86.h" />
		<Unit filename="../../os/kernel/int.c">
			<Option compilerVar="CC" />
		</Unit>
		<Unit filename="../../os/kernel/kernel.ld" />
		<Unit filename="../../os/kernel/main.c">
			<Option compilerVar="CC" />
		</Unit>
		<Unit filename="../../os/kernel/makefile" />
		<Unit filename="../../os/kernel/mm.c">
			<Option compilerVar="CC" />
		</Unit>
		<Unit filename="../../os/kernel/screen.c">
			<Option compilerVar="CC" />
		</Unit>
		<Unit filename="../../os/kernel/timer.c">
			<Option compilerVar="CC" />
		</Unit>
		<Unit filename="../../os/kernel/ucgui/Config/GUIConf.h" />
		<Unit filename="../../os/kernel/ucgui/Config/GUITouchConf.h" />
		<Unit filename="../../os/kernel/ucgui/Config/LCDConf.h" />
		<Unit filename="../../os/kernel/ucgui/GUI/AntiAlias/GUIAAArc.c">
			<Option compilerVar="CC" />
		</Unit>
		<Unit filename="../../os/kernel/ucgui/GUI/AntiAlias/GUIAAChar.c">
			<Option compilerVar="CC" />
		</Unit>
		<Unit filename="../../os/kernel/ucgui/GUI/AntiAlias/GUIAAChar2.c">
			<Option compilerVar="CC" />
		</Unit>
		<Unit filename="../../os/kernel/ucgui/GUI/AntiAlias/GUIAAChar4.c">
			<Option compilerVar="CC" />
		</Unit>
		<Unit filename="../../os/kernel/ucgui/GUI/AntiAlias/GUIAACircle.c">
			<Option compilerVar="CC" />
		</Unit>
		<Unit filename="../../os/kernel/ucgui/GUI/AntiAlias/GUIAALib.c">
			<Option compilerVar="CC" />
		</Unit>
		<Unit filename="../../os/kernel/ucgui/GUI/AntiAlias/GUIAALine.c">
			<Option compilerVar="CC" />
		</Unit>
		<Unit filename="../../os/kernel/ucgui/GUI/AntiAlias/GUIAAPoly.c">
			<Option compilerVar="CC" />
		</Unit>
		<Unit filename="../../os/kernel/ucgui/GUI/AntiAlias/GUIAAPolyOut.c">
			<Option compilerVar="CC" />
		</Unit>
		<Unit filename="../../os/kernel/ucgui/GUI/ConvertColor/LCDP111.c">
			<Option compilerVar="CC" />
		</Unit>
		<Unit filename="../../os/kernel/ucgui/GUI/ConvertColor/LCDP222.c">
			<Option compilerVar="CC" />
		</Unit>
		<Unit filename="../../os/kernel/ucgui/GUI/ConvertColor/LCDP233.c">
			<Option compilerVar="CC" />
		</Unit>
		<Unit filename="../../os/kernel/ucgui/GUI/ConvertColor/LCDP323.c">
			<Option compilerVar="CC" />
		</Unit>
		<Unit filename="../../os/kernel/ucgui/GUI/ConvertColor/LCDP332.c">
			<Option compilerVar="CC" />
		</Unit>
		<Unit filename="../../os/kernel/ucgui/GUI/ConvertColor/LCDP444_12.c">
			<Option compilerVar="CC" />
		</Unit>
		<Unit filename="../../os/kernel/ucgui/GUI/ConvertColor/LCDP444_12_1.c">
			<Option compilerVar="CC" />
		</Unit>
		<Unit filename="../../os/kernel/ucgui/GUI/ConvertColor/LCDP444_16.c">
			<Option compilerVar="CC" />
		</Unit>
		<Unit filename="../../os/kernel/ucgui/GUI/ConvertColor/LCDP555.c">
			<Option compilerVar="CC" />
		</Unit>
		<Unit filename="../../os/kernel/ucgui/GUI/ConvertColor/LCDP556.c">
			<Option compilerVar="CC" />
		</Unit>
		<Unit filename="../../os/kernel/ucgui/GUI/ConvertColor/LCDP565.c">
			<Option compilerVar="CC" />
		</Unit>
		<Unit filename="../../os/kernel/ucgui/GUI/ConvertColor/LCDP655.c">
			<Option compilerVar="CC" />
		</Unit>
		<Unit filename="../../os/kernel/ucgui/GUI/ConvertColor/LCDP8666.c">
			<Option compilerVar="CC" />
		</Unit>
		<Unit filename="../../os/kernel/ucgui/GUI/ConvertColor/LCDP8666_1.c">
			<Option compilerVar="CC" />
		</Unit>
		<Unit filename="../../os/kernel/ucgui/GUI/ConvertColor/LCDPM233.c">
			<Option compilerVar="CC" />
		</Unit>
		<Unit filename="../../os/kernel/ucgui/GUI/ConvertColor/LCDPM323.c">
			<Option compilerVar="CC" />
		</Unit>
		<Unit filename="../../os/kernel/ucgui/GUI/ConvertColor/LCDPM332.c">
			<Option compilerVar="CC" />
		</Unit>
		<Unit filename="../../os/kernel/ucgui/GUI/ConvertColor/LCDPM444_12.c">
			<Option compilerVar="CC" />
		</Unit>
		<Unit filename="../../os/kernel/ucgui/GUI/ConvertColor/LCDPM444_16.c">
			<Option compilerVar="CC" />
		</Unit>
		<Unit filename="../../os/kernel/ucgui/GUI/ConvertColor/LCDPM555.c">
			<Option compilerVar="CC" />
		</Unit>
		<Unit filename="../../os/kernel/ucgui/GUI/ConvertColor/LCDPM556.c">
			<Option compilerVar="CC" />
		</Unit>
		<Unit filename="../../os/kernel/ucgui/GUI/ConvertColor/LCDPM565.c">
			<Option compilerVar="CC" />
		</Unit>
		<Unit filename="../../os/kernel/ucgui/GUI/ConvertColor/LCDPM655.c">
			<Option compilerVar="CC" />
		</Unit>
		<Unit filename="../../os/kernel/ucgui/GUI/ConvertMono/LCDP0.c">
			<Option compilerVar="CC" />
		</Unit>
		<Unit filename="../../os/kernel/ucgui/GUI/ConvertMono/LCDP2.c">
			<Option compilerVar="CC" />
		</Unit>
		<Unit filename="../../os/kernel/ucgui/GUI/ConvertMono/LCDP4.c">
			<Option compilerVar="CC" />
		</Unit>
		<Unit filename="../../os/kernel/ucgui/GUI/Core/GUI.h" />
		<Unit filename="../../os/kernel/ucgui/GUI/Core/GUI2DLib.c">
			<Option compilerVar="CC" />
		</Unit>
		<Unit filename="../../os/kernel/ucgui/GUI/Core/GUIAlloc.c">
			<Option compilerVar="CC" />
		</Unit>
		<Unit filename="../../os/kernel/ucgui/GUI/Core/GUIArc.c">
			<Option compilerVar="CC" />
		</Unit>
		<Unit filename="../../os/kernel/ucgui/GUI/Core/GUIChar.c">
			<Option compilerVar="CC" />
		</Unit>
		<Unit filename="../../os/kernel/ucgui/GUI/Core/GUIChar.h" />
		<Unit filename="../../os/kernel/ucgui/GUI/Core/GUICharLine.c">
			<Option compilerVar="CC" />
		</Unit>
		<Unit filename="../../os/kernel/ucgui/GUI/Core/GUICharM.c">
			<Option compilerVar="CC" />
		</Unit>
		<Unit filename="../../os/kernel/ucgui/GUI/Core/GUICharP.c">
			<Option compilerVar="CC" />
		</Unit>
		<Unit filename="../../os/kernel/ucgui/GUI/Core/GUICirc.c">
			<Option compilerVar="CC" />
		</Unit>
		<Unit filename="../../os/kernel/ucgui/GUI/Core/GUIColor2Index.c">
			<Option compilerVar="CC" />
		</Unit>
		<Unit filename="../../os/kernel/ucgui/GUI/Core/GUICore.c">
			<Option compilerVar="CC" />
		</Unit>
		<Unit filename="../../os/kernel/ucgui/GUI/Core/GUICurs.c">
			<Option compilerVar="CC" />
		</Unit>
		<Unit filename="../../os/kernel/ucgui/GUI/Core/GUIDebug.h" />
		<Unit filename="../../os/kernel/ucgui/GUI/Core/GUIEncJS.c">
			<Option compilerVar="CC" />
		</Unit>
		<Unit filename="../../os/kernel/ucgui/GUI/Core/GUIIndex2Color.c">
			<Option compilerVar="CC" />
		</Unit>
		<Unit filename="../../os/kernel/ucgui/GUI/Core/GUIPolyE.c">
			<Option compilerVar="CC" />
		</Unit>
		<Unit filename="../../os/kernel/ucgui/GUI/Core/GUIPolyM.c">
			<Option compilerVar="CC" />
		</Unit>
		<Unit filename="../../os/kernel/ucgui/GUI/Core/GUIPolyR.c">
			<Option compilerVar="CC" />
		</Unit>
		<Unit filename="../../os/kernel/ucgui/GUI/Core/GUIRealloc.c">
			<Option compilerVar="CC" />
		</Unit>
		<Unit filename="../../os/kernel/ucgui/GUI/Core/GUIStream.c">
			<Option compilerVar="CC" />
		</Unit>
		<Unit filename="../../os/kernel/ucgui/GUI/Core/GUITask.c">
			<Option compilerVar="CC" />
		</Unit>
		<Unit filename="../../os/kernel/ucgui/GUI/Core/GUITime.c">
			<Option compilerVar="CC" />
		</Unit>
		<Unit filename="../../os/kernel/ucgui/GUI/Core/GUITimer.c">
			<Option compilerVar="CC" />
		</Unit>
		<Unit filename="../../os/kernel/ucgui/GUI/Core/GUIType.h" />
		<Unit filename="../../os/kernel/ucgui/GUI/Core/GUIUC0.c">
			<Option compilerVar="CC" />
		</Unit>
		<Unit filename="../../os/kernel/ucgui/GUI/Core/GUIVal.c">
			<Option compilerVar="CC" />
		</Unit>
		<Unit filename="../../os/kernel/ucgui/GUI/Core/GUIValf.c">
			<Option compilerVar="CC" />
		</Unit>
		<Unit filename="../../os/kernel/ucgui/GUI/Core/GUIVersion.h" />
		<Unit filename="../../os/kernel/ucgui/GUI/Core/GUI_ALLOC_AllocInit.c">
			<Option compilerVar="CC" />
		</Unit>
		<Unit filename="../../os/kernel/ucgui/GUI/Core/GUI_ALLOC_AllocZero.c">
			<Option compilerVar="CC" />
		</Unit>
		<Unit filename="../../os/kernel/ucgui/GUI/Core/GUI_AddBin.c">
			<Option compilerVar="CC" />
		</Unit>
		<Unit filename="../../os/kernel/ucgui/GUI/Core/GUI_AddDec.c">
			<Option compilerVar="CC" />
		</Unit>
		<Unit filename="../../os/kernel/ucgui/GUI/Core/GUI_AddDecMin.c">
			<Option compilerVar="CC" />
		</Unit>
		<Unit filename="../../os/kernel/ucgui/GUI/Core/GUI_AddDecShift.c">
			<Option compilerVar="CC" />
		</Unit>
		<Unit filename="../../os/kernel/ucgui/GUI/Core/GUI_AddHex.c">
			<Option compilerVar="CC" />
		</Unit>
		<Unit filename="../../os/kernel/ucgui/GUI/Core/GUI_AddKeyMsgHook.c">
			<Option compilerVar="CC" />
		</Unit>
		<Unit filename="../../os/kernel/ucgui/GUI/Core/GUI_BMP.c">
			<Option compilerVar="CC" />
		</Unit>
		<Unit filename="../../os/kernel/ucgui/GUI/Core/GUI_BMP_Serialize.c">
			<Option compilerVar="CC" />
		</Unit>
		<Unit filename="../../os/kernel/ucgui/GUI/Core/GUI_CalcColorDist.c">
			<Option compilerVar="CC" />
		</Unit>
		<Unit filename="../../os/kernel/ucgui/GUI/Core/GUI_ClearRectEx.c">
			<Option compilerVar="CC" />
		</Unit>
		<Unit filename="../../os/kernel/ucgui/GUI/Core/GUI_Color2VisColor.c">
			<Option compilerVar="CC" />
		</Unit>
		<Unit filename="../../os/kernel/ucgui/GUI/Core/GUI_ConfDefaults.h" />
		<Unit filename="../../os/kernel/ucgui/GUI/Core/GUI_CursorArrowL.c">
			<Option compilerVar="CC" />
		</Unit>
		<Unit filename="../../os/kernel/ucgui/GUI/Core/GUI_CursorArrowLI.c">
			<Option compilerVar="CC" />
		</Unit>
		<Unit filename="../../os/kernel/ucgui/GUI/Core/GUI_CursorArrowLPx.c">
			<Option compilerVar="CC" />
		</Unit>
		<Unit filename="../../os/kernel/ucgui/GUI/Core/GUI_CursorArrowM.c">
			<Option compilerVar="CC" />
		</Unit>
		<Unit filename="../../os/kernel/ucgui/GUI/Core/GUI_CursorArrowMI.c">
			<Option compilerVar="CC" />
		</Unit>
		<Unit filename="../../os/kernel/ucgui/GUI/Core/GUI_CursorArrowMPx.c">
			<Option compilerVar="CC" />
		</Unit>
		<Unit filename="../../os/kernel/ucgui/GUI/Core/GUI_CursorArrowS.c">
			<Option compilerVar="CC" />
		</Unit>
		<Unit filename="../../os/kernel/ucgui/GUI/Core/GUI_CursorArrowSI.c">
			<Option compilerVar="CC" />
		</Unit>
		<Unit filename="../../os/kernel/ucgui/GUI/Core/GUI_CursorArrowSPx.c">
			<Option compilerVar="CC" />
		</Unit>
		<Unit filename="../../os/kernel/ucgui/GUI/Core/GUI_CursorCrossL.c">
			<Option compilerVar="CC" />
		</Unit>
		<Unit filename="../../os/kernel/ucgui/GUI/Core/GUI_CursorCrossLI.c">
			<Option compilerVar="CC" />
		</Unit>
		<Unit filename="../../os/kernel/ucgui/GUI/Core/GUI_CursorCrossLPx.c">
			<Option compilerVar="CC" />
		</Unit>
		<Unit filename="../../os/kernel/ucgui/GUI/Core/GUI_CursorCrossM.c">
			<Option compilerVar="CC" />
		</Unit>
		<Unit filename="../../os/kernel/ucgui/GUI/Core/GUI_CursorCrossMI.c">
			<Option compilerVar="CC" />
		</Unit>
		<Unit filename="../../os/kernel/ucgui/GUI/Core/GUI_CursorCrossMPx.c">
			<Option compilerVar="CC" />
		</Unit>
		<Unit filename="../../os/kernel/ucgui/GUI/Core/GUI_CursorCrossS.c">
			<Option compilerVar="CC" />
		</Unit>
		<Unit filename="../../os/kernel/ucgui/GUI/Core/GUI_CursorCrossSI.c">
			<Option compilerVar="CC" />
		</Unit>
		<Unit filename="../../os/kernel/ucgui/GUI/Core/GUI_CursorCrossSPx.c">
			<Option compilerVar="CC" />
		</Unit>
		<Unit filename="../../os/kernel/ucgui/GUI/Core/GUI_CursorHeaderM.c">
			<Option compilerVar="CC" />
		</Unit>
		<Unit filename="../../os/kernel/ucgui/GUI/Core/GUI_CursorHeaderMI.c">
			<Option compilerVar="CC" />
		</Unit>
		<Unit filename="../../os/kernel/ucgui/GUI/Core/GUI_CursorHeaderMPx.c">
			<Option compilerVar="CC" />
		</Unit>
		<Unit filename="../../os/kernel/ucgui/GUI/Core/GUI_CursorPal.c">
			<Option compilerVar="CC" />
		</Unit>
		<Unit filename="../../os/kernel/ucgui/GUI/Core/GUI_CursorPalI.c">
			<Option compilerVar="CC" />
		</Unit>
		<Unit filename="../../os/kernel/ucgui/GUI/Core/GUI_DispBin.c">
			<Option compilerVar="CC" />
		</Unit>
		<Unit filename="../../os/kernel/ucgui/GUI/Core/GUI_DispCEOL.c">
			<Option compilerVar="CC" />
		</Unit>
		<Unit filename="../../os/kernel/ucgui/GUI/Core/GUI_DispChar.c">
			<Option compilerVar="CC" />
		</Unit>
		<Unit filename="../../os/kernel/ucgui/GUI/Core/GUI_DispChars.c">
			<Option compilerVar="CC" />
		</Unit>
		<Unit filename="../../os/kernel/ucgui/GUI/Core/GUI_DispHex.c">
			<Option compilerVar="CC" />
		</Unit>
		<Unit filename="../../os/kernel/ucgui/GUI/Core/GUI_DispString.c">
			<Option compilerVar="CC" />
		</Unit>
		<Unit filename="../../os/kernel/ucgui/GUI/Core/GUI_DispStringAt.c">
			<Option compilerVar="CC" />
		</Unit>
		<Unit filename="../../os/kernel/ucgui/GUI/Core/GUI_DispStringAtCEOL.c">
			<Option compilerVar="CC" />
		</Unit>
		<Unit filename="../../os/kernel/ucgui/GUI/Core/GUI_DispStringHCenter.c">
			<Option compilerVar="CC" />
		</Unit>
		<Unit filename="../../os/kernel/ucgui/GUI/Core/GUI_DispStringInRect.c">
			<Option compilerVar="CC" />
		</Unit>
		<Unit filename="../../os/kernel/ucgui/GUI/Core/GUI_DispStringInRectEx.c">
			<Option compilerVar="CC" />
		</Unit>
		<Unit filename="../../os/kernel/ucgui/GUI/Core/GUI_DispStringInRectMax.c">
			<Option compilerVar="CC" />
		</Unit>
		<Unit filename="../../os/kernel/ucgui/GUI/Core/GUI_DispStringLen.c">
			<Option compilerVar="CC" />
		</Unit>
		<Unit filename="../../os/kernel/ucgui/GUI/Core/GUI_DrawBitmap.c">
			<Option compilerVar="CC" />
		</Unit>
		<Unit filename="../../os/kernel/ucgui/GUI/Core/GUI_DrawBitmapEx.c">
			<Option compilerVar="CC" />
		</Unit>
		<Unit filename="../../os/kernel/ucgui/GUI/Core/GUI_DrawBitmapExp.c">
			<Option compilerVar="CC" />
		</Unit>
		<Unit filename="../../os/kernel/ucgui/GUI/Core/GUI_DrawBitmapMag.c">
			<Option compilerVar="CC" />
		</Unit>
		<Unit filename="../../os/kernel/ucgui/GUI/Core/GUI_DrawFocusRect.c">
			<Option compilerVar="CC" />
		</Unit>
		<Unit filename="../../os/kernel/ucgui/GUI/Core/GUI_DrawGraph.c">
			<Option compilerVar="CC" />
		</Unit>
		<Unit filename="../../os/kernel/ucgui/GUI/Core/GUI_DrawHLine.c">
			<Option compilerVar="CC" />
		</Unit>
		<Unit filename="../../os/kernel/ucgui/GUI/Core/GUI_DrawPie.c">
			<Option compilerVar="CC" />
		</Unit>
		<Unit filename="../../os/kernel/ucgui/GUI/Core/GUI_DrawPixel.c">
			<Option compilerVar="CC" />
		</Unit>
		<Unit filename="../../os/kernel/ucgui/GUI/Core/GUI_DrawPolyline.c">
			<Option compilerVar="CC" />
		</Unit>
		<Unit filename="../../os/kernel/ucgui/GUI/Core/GUI_DrawRectEx.c">
			<Option compilerVar="CC" />
		</Unit>
		<Unit filename="../../os/kernel/ucgui/GUI/Core/GUI_DrawVLine.c">
			<Option compilerVar="CC" />
		</Unit>
		<Unit filename="../../os/kernel/ucgui/GUI/Core/GUI_ErrorOut.c">
			<Option compilerVar="CC" />
		</Unit>
		<Unit filename="../../os/kernel/ucgui/GUI/Core/GUI_Exec.c">
			<Option compilerVar="CC" />
		</Unit>
		<Unit filename="../../os/kernel/ucgui/GUI/Core/GUI_FillPolygon.c">
			<Option compilerVar="CC" />
		</Unit>
		<Unit filename="../../os/kernel/ucgui/GUI/Core/GUI_FillRect.c">
			<Option compilerVar="CC" />
		</Unit>
		<Unit filename="../../os/kernel/ucgui/GUI/Core/GUI_FillRectEx.c">
			<Option compilerVar="CC" />
		</Unit>
		<Unit filename="../../os/kernel/ucgui/GUI/Core/GUI_FontIntern.h" />
		<Unit filename="../../os/kernel/ucgui/GUI/Core/GUI_GetBitmapPixelColor.c">
			<Option compilerVar="CC" />
		</Unit>
		<Unit filename="../../os/kernel/ucgui/GUI/Core/GUI_GetBitmapPixelIndex.c">
			<Option compilerVar="CC" />
		</Unit>
		<Unit filename="../../os/kernel/ucgui/GUI/Core/GUI_GetClientRect.c">
			<Option compilerVar="CC" />
		</Unit>
		<Unit filename="../../os/kernel/ucgui/GUI/Core/GUI_GetColor.c">
			<Option compilerVar="CC" />
		</Unit>
		<Unit filename="../../os/kernel/ucgui/GUI/Core/GUI_GetDispPos.c">
			<Option compilerVar="CC" />
		</Unit>
		<Unit filename="../../os/kernel/ucgui/GUI/Core/GUI_GetFont.c">
			<Option compilerVar="CC" />
		</Unit>
		<Unit filename="../../os/kernel/ucgui/GUI/Core/GUI_GetFontInfo.c">
			<Option compilerVar="CC" />
		</Unit>
		<Unit filename="../../os/kernel/ucgui/GUI/Core/GUI_GetFontSizeY.c">
			<Option compilerVar="CC" />
		</Unit>
		<Unit filename="../../os/kernel/ucgui/GUI/Core/GUI_GetLineStyle.c">
			<Option compilerVar="CC" />
		</Unit>
		<Unit filename="../../os/kernel/ucgui/GUI/Core/GUI_GetStringDistX.c">
			<Option compilerVar="CC" />
		</Unit>
		<Unit filename="../../os/kernel/ucgui/GUI/Core/GUI_GetTextAlign.c">
			<Option compilerVar="CC" />
		</Unit>
		<Unit filename="../../os/kernel/ucgui/GUI/Core/GUI_GetTextExtend.c">
			<Option compilerVar="CC" />
		</Unit>
		<Unit filename="../../os/kernel/ucgui/GUI/Core/GUI_GetTextMode.c">
			<Option compilerVar="CC" />
		</Unit>
		<Unit filename="../../os/kernel/ucgui/GUI/Core/GUI_GetVersionString.c">
			<Option compilerVar="CC" />
		</Unit>
		<Unit filename="../../os/kernel/ucgui/GUI/Core/GUI_GetYSizeOfFont.c">
			<Option compilerVar="CC" />
		</Unit>
		<Unit filename="../../os/kernel/ucgui/GUI/Core/GUI_Goto.c">
			<Option compilerVar="CC" />
		</Unit>
		<Unit filename="../../os/kernel/ucgui/GUI/Core/GUI_InitLUT.c">
			<Option compilerVar="CC" />
		</Unit>
		<Unit filename="../../os/kernel/ucgui/GUI/Core/GUI_InvertRect.c">
			<Option compilerVar="CC" />
		</Unit>
		<Unit filename="../../os/kernel/ucgui/GUI/Core/GUI_IsInFont.c">
			<Option compilerVar="CC" />
		</Unit>
		<Unit filename="../../os/kernel/ucgui/GUI/Core/GUI_Log.c">
			<Option compilerVar="CC" />
		</Unit>
		<Unit filename="../../os/kernel/ucgui/GUI/Core/GUI_MOUSE.c">
			<Option compilerVar="CC" />
		</Unit>
		<Unit filename="../../os/kernel/ucgui/GUI/Core/GUI_MOUSE_DriverPS2.c">
			<Option compilerVar="CC" />
		</Unit>
		<Unit filename="../../os/kernel/ucgui/GUI/Core/GUI_MergeRect.c">
			<Option compilerVar="CC" />
		</Unit>
		<Unit filename="../../os/kernel/ucgui/GUI/Core/GUI_MoveRect.c">
			<Option compilerVar="CC" />
		</Unit>
		<Unit filename="../../os/kernel/ucgui/GUI/Core/GUI_OnKey.c">
			<Option compilerVar="CC" />
		</Unit>
		<Unit filename="../../os/kernel/ucgui/GUI/Core/GUI_PID.c">
			<Option compilerVar="CC" />
		</Unit>
		<Unit filename="../../os/kernel/ucgui/GUI/Core/GUI_Pen.c">
			<Option compilerVar="CC" />
		</Unit>
		<Unit filename="../../os/kernel/ucgui/GUI/Core/GUI_Private.h" />
		<Unit filename="../../os/kernel/ucgui/GUI/Core/GUI_Protected.h" />
		<Unit filename="../../os/kernel/ucgui/GUI/Core/GUI_RectsIntersect.c">
			<Option compilerVar="CC" />
		</Unit>
		<Unit filename="../../os/kernel/ucgui/GUI/Core/GUI_SIF.c">
			<Option compilerVar="CC" />
		</Unit>
		<Unit filename="../../os/kernel/ucgui/GUI/Core/GUI_SIF_Prop.c">
			<Option compilerVar="CC" />
		</Unit>
		<Unit filename="../../os/kernel/ucgui/GUI/Core/GUI_SaveContext.c">
			<Option compilerVar="CC" />
		</Unit>
		<Unit filename="../../os/kernel/ucgui/GUI/Core/GUI_SelectLCD.c">
			<Option compilerVar="CC" />
		</Unit>
		<Unit filename="../../os/kernel/ucgui/GUI/Core/GUI_SelectLayer.c">
			<Option compilerVar="CC" />
		</Unit>
		<Unit filename="../../os/kernel/ucgui/GUI/Core/GUI_SetColor.c">
			<Option compilerVar="CC" />
		</Unit>
		<Unit filename="../../os/kernel/ucgui/GUI/Core/GUI_SetColorIndex.c">
			<Option compilerVar="CC" />
		</Unit>
		<Unit filename="../../os/kernel/ucgui/GUI/Core/GUI_SetDecChar.c">
			<Option compilerVar="CC" />
		</Unit>
		<Unit filename="../../os/kernel/ucgui/GUI/Core/GUI_SetDefault.c">
			<Option compilerVar="CC" />
		</Unit>
		<Unit filename="../../os/kernel/ucgui/GUI/Core/GUI_SetDrawMode.c">
			<Option compilerVar="CC" />
		</Unit>
		<Unit filename="../../os/kernel/ucgui/GUI/Core/GUI_SetFont.c">
			<Option compilerVar="CC" />
		</Unit>
		<Unit filename="../../os/kernel/ucgui/GUI/Core/GUI_SetLBorder.c">
			<Option compilerVar="CC" />
		</Unit>
		<Unit filename="../../os/kernel/ucgui/GUI/Core/GUI_SetLUTColor.c">
			<Option compilerVar="CC" />
		</Unit>
		<Unit filename="../../os/kernel/ucgui/GUI/Core/GUI_SetLUTColorEx.c">
			<Option compilerVar="CC" />
		</Unit>
		<Unit filename="../../os/kernel/ucgui/GUI/Core/GUI_SetLUTEntry.c">
			<Option compilerVar="CC" />
		</Unit>
		<Unit filename="../../os/kernel/ucgui/GUI/Core/GUI_SetLineStyle.c">
			<Option compilerVar="CC" />
		</Unit>
		<Unit filename="../../os/kernel/ucgui/GUI/Core/GUI_SetOrg.c">
			<Option compilerVar="CC" />
		</Unit>
		<Unit filename="../../os/kernel/ucgui/GUI/Core/GUI_SetPixelIndex.c">
			<Option compilerVar="CC" />
		</Unit>
		<Unit filename="../../os/kernel/ucgui/GUI/Core/GUI_SetTextAlign.c">
			<Option compilerVar="CC" />
		</Unit>
		<Unit filename="../../os/kernel/ucgui/GUI/Core/GUI_SetTextMode.c">
			<Option compilerVar="CC" />
		</Unit>
		<Unit filename="../../os/kernel/ucgui/GUI/Core/GUI_SetTextStyle.c">
			<Option compilerVar="CC" />
		</Unit>
		<Unit filename="../../os/kernel/ucgui/GUI/Core/GUI_TOUCH.c">
			<Option compilerVar="CC" />
		</Unit>
		<Unit filename="../../os/kernel/ucgui/GUI/Core/GUI_TOUCH_DriverAnalog.c">
			<Option compilerVar="CC" />
		</Unit>
		<Unit filename="../../os/kernel/ucgui/GUI/Core/GUI_TOUCH_StoreState.c">
			<Option compilerVar="CC" />
		</Unit>
		<Unit filename="../../os/kernel/ucgui/GUI/Core/GUI_TOUCH_StoreUnstable.c">
			<Option compilerVar="CC" />
		</Unit>
		<Unit filename="../../os/kernel/ucgui/GUI/Core/GUI_UC.c">
			<Option compilerVar="CC" />
		</Unit>
		<Unit filename="../../os/kernel/ucgui/GUI/Core/GUI_UC_DispString.c">
			<Option compilerVar="CC" />
		</Unit>
		<Unit filename="../../os/kernel/ucgui/GUI/Core/GUI_UC_EncodeNone.c">
			<Option compilerVar="CC" />
		</Unit>
		<Unit filename="../../os/kernel/ucgui/GUI/Core/GUI_UC_EncodeUTF8.c">
			<Option compilerVar="CC" />
		</Unit>
		<Unit filename="../../os/kernel/ucgui/GUI/Core/GUI_VNC.h" />
		<Unit filename="../../os/kernel/ucgui/GUI/Core/GUI_WaitEvent.c">
			<Option compilerVar="CC" />
		</Unit>
		<Unit filename="../../os/kernel/ucgui/GUI/Core/GUI_WaitKey.c">
			<Option compilerVar="CC" />
		</Unit>
		<Unit filename="../../os/kernel/ucgui/GUI/Core/GUI_Warn.c">
			<Option compilerVar="CC" />
		</Unit>
		<Unit filename="../../os/kernel/ucgui/GUI/Core/GUI_X.h" />
		<Unit filename="../../os/kernel/ucgui/GUI/Core/GUI__AddSpaceHex.c">
			<Option compilerVar="CC" />
		</Unit>
		<Unit filename="../../os/kernel/ucgui/GUI/Core/GUI__CalcTextRect.c">
			<Option compilerVar="CC" />
		</Unit>
		<Unit filename="../../os/kernel/ucgui/GUI/Core/GUI__DivideRound.c">
			<Option compilerVar="CC" />
		</Unit>
		<Unit filename="../../os/kernel/ucgui/GUI/Core/GUI__DivideRound32.c">
			<Option compilerVar="CC" />
		</Unit>
		<Unit filename="../../os/kernel/ucgui/GUI/Core/GUI__GetFontSizeY.c">
			<Option compilerVar="CC" />
		</Unit>
		<Unit filename="../../os/kernel/ucgui/GUI/Core/GUI__GetNumChars.c">
			<Option compilerVar="CC" />
		</Unit>
		<Unit filename="../../os/kernel/ucgui/GUI/Core/GUI__HandleEOLine.c">
			<Option compilerVar="CC" />
		</Unit>
		<Unit filename="../../os/kernel/ucgui/GUI/Core/GUI__IntersectRect.c">
			<Option compilerVar="CC" />
		</Unit>
		<Unit filename="../../os/kernel/ucgui/GUI/Core/GUI__IntersectRects.c">
			<Option compilerVar="CC" />
		</Unit>
		<Unit filename="../../os/kernel/ucgui/GUI/Core/GUI__Read.c">
			<Option compilerVar="CC" />
		</Unit>
		<Unit filename="../../os/kernel/ucgui/GUI/Core/GUI__ReduceRect.c">
			<Option compilerVar="CC" />
		</Unit>
		<Unit filename="../../os/kernel/ucgui/GUI/Core/GUI__SetText.c">
			<Option compilerVar="CC" />
		</Unit>
		<Unit filename="../../os/kernel/ucgui/GUI/Core/GUI__Wrap.c">
			<Option compilerVar="CC" />
		</Unit>
		<Unit filename="../../os/kernel/ucgui/GUI/Core/GUI__memset.c">
			<Option compilerVar="CC" />
		</Unit>
		<Unit filename="../../os/kernel/ucgui/GUI/Core/GUI__memset16.c">
			<Option compilerVar="CC" />
		</Unit>
		<Unit filename="../../os/kernel/ucgui/GUI/Core/GUI__strcmp.c">
			<Option compilerVar="CC" />
		</Unit>
		<Unit filename="../../os/kernel/ucgui/GUI/Core/GUI__strlen.c">
			<Option compilerVar="CC" />
		</Unit>
		<Unit filename="../../os/kernel/ucgui/GUI/Core/LCD.c">
			<Option compilerVar="CC" />
		</Unit>
		<Unit filename="../../os/kernel/ucgui/GUI/Core/LCD.h" />
		<Unit filename="../../os/kernel/ucgui/GUI/Core/LCDAA.c">
			<Option compilerVar="CC" />
		</Unit>
		<Unit filename="../../os/kernel/ucgui/GUI/Core/LCDColor.c">
			<Option compilerVar="CC" />
		</Unit>
		<Unit filename="../../os/kernel/ucgui/GUI/Core/LCDGetP.c">
			<Option compilerVar="CC" />
		</Unit>
		<Unit filename="../../os/kernel/ucgui/GUI/Core/LCDInfo.c">
			<Option compilerVar="CC" />
		</Unit>
		<Unit filename="../../os/kernel/ucgui/GUI/Core/LCDInfo0.c">
			<Option compilerVar="CC" />
		</Unit>
		<Unit filename="../../os/kernel/ucgui/GUI/Core/LCDInfo1.c">
			<Option compilerVar="CC" />
		</Unit>
		<Unit filename="../../os/kernel/ucgui/GUI/Core/LCDL0Delta.c">
			<Option compilerVar="CC" />
		</Unit>
		<Unit filename="../../os/kernel/ucgui/GUI/Core/LCDL0Mag.c">
			<Option compilerVar="CC" />
		</Unit>
		<Unit filename="../../os/kernel/ucgui/GUI/Core/LCDP1.c">
			<Option compilerVar="CC" />
		</Unit>
		<Unit filename="../../os/kernel/ucgui/GUI/Core/LCDP565_Index2Color.c">
			<Option compilerVar="CC" />
		</Unit>
		<Unit filename="../../os/kernel/ucgui/GUI/Core/LCDPM565_Index2Color.c">
			<Option compilerVar="CC" />
		</Unit>
		<Unit filename="../../os/kernel/ucgui/GUI/Core/LCDRLE4.c">
			<Option compilerVar="CC" />
		</Unit>
		<Unit filename="../../os/kernel/ucgui/GUI/Core/LCDRLE8.c">
			<Option compilerVar="CC" />
		</Unit>
		<Unit filename="../../os/kernel/ucgui/GUI/Core/LCDSIM.h" />
		<Unit filename="../../os/kernel/ucgui/GUI/Core/LCD_API.c">
			<Option compilerVar="CC" />
		</Unit>
		<Unit filename="../../os/kernel/ucgui/GUI/Core/LCD_ConfDefaults.h" />
		<Unit filename="../../os/kernel/ucgui/GUI/Core/LCD_DrawBitmap_565.c">
			<Option compilerVar="CC" />
		</Unit>
		<Unit filename="../../os/kernel/ucgui/GUI/Core/LCD_DrawBitmap_M565.c">
			<Option compilerVar="CC" />
		</Unit>
		<Unit filename="../../os/kernel/ucgui/GUI/Core/LCD_DrawVLine.c">
			<Option compilerVar="CC" />
		</Unit>
		<Unit filename="../../os/kernel/ucgui/GUI/Core/LCD_GetColorIndex.c">
			<Option compilerVar="CC" />
		</Unit>
		<Unit filename="../../os/kernel/ucgui/GUI/Core/LCD_GetEx.c">
			<Option compilerVar="CC" />
		</Unit>
		<Unit filename="../../os/kernel/ucgui/GUI/Core/LCD_GetNumDisplays.c">
			<Option compilerVar="CC" />
		</Unit>
		<Unit filename="../../os/kernel/ucgui/GUI/Core/LCD_GetPixelColor.c">
			<Option compilerVar="CC" />
		</Unit>
		<Unit filename="../../os/kernel/ucgui/GUI/Core/LCD_Index2ColorEx.c">
			<Option compilerVar="CC" />
		</Unit>
		<Unit filename="../../os/kernel/ucgui/GUI/Core/LCD_L0_Generic.c">
			<Option compilerVar="CC" />
		</Unit>
		<Unit filename="../../os/kernel/ucgui/GUI/Core/LCD_Mirror.c">
			<Option compilerVar="CC" />
		</Unit>
		<Unit filename="../../os/kernel/ucgui/GUI/Core/LCD_MixColors256.c">
			<Option compilerVar="CC" />
		</Unit>
		<Unit filename="../../os/kernel/ucgui/GUI/Core/LCD_Private.h" />
		<Unit filename="../../os/kernel/ucgui/GUI/Core/LCD_Protected.h" />
		<Unit filename="../../os/kernel/ucgui/GUI/Core/LCD_Rotate180.c">
			<Option compilerVar="CC" />
		</Unit>
		<Unit filename="../../os/kernel/ucgui/GUI/Core/LCD_RotateCCW.c">
			<Option compilerVar="CC" />
		</Unit>
		<Unit filename="../../os/kernel/ucgui/GUI/Core/LCD_RotateCW.c">
			<Option compilerVar="CC" />
		</Unit>
		<Unit filename="../../os/kernel/ucgui/GUI/Core/LCD_SelectLCD.c">
			<Option compilerVar="CC" />
		</Unit>
		<Unit filename="../../os/kernel/ucgui/GUI/Core/LCD_SetAPI.c">
			<Option compilerVar="CC" />
		</Unit>
		<Unit filename="../../os/kernel/ucgui/GUI/Core/LCD_SetClipRectEx.c">
			<Option compilerVar="CC" />
		</Unit>
		<Unit filename="../../os/kernel/ucgui/GUI/Core/LCD_UpdateColorIndices.c">
			<Option compilerVar="CC" />
		</Unit>
		<Unit filename="../../os/kernel/ucgui/GUI/Core/string.c">
			<Option compilerVar="CC" />
		</Unit>
		<Unit filename="../../os/kernel/ucgui/GUI/Font/F08_1.c">
			<Option compilerVar="CC" />
		</Unit>
		<Unit filename="../../os/kernel/ucgui/GUI/Font/F08_ASCII.c">
			<Option compilerVar="CC" />
		</Unit>
		<Unit filename="../../os/kernel/ucgui/GUI/Font/F10S_1.c">
			<Option compilerVar="CC" />
		</Unit>
		<Unit filename="../../os/kernel/ucgui/GUI/Font/F10S_ASCII.c">
			<Option compilerVar="CC" />
		</Unit>
		<Unit filename="../../os/kernel/ucgui/GUI/Font/F10_1.c">
			<Option compilerVar="CC" />
		</Unit>
		<Unit filename="../../os/kernel/ucgui/GUI/Font/F10_ASCII.c">
			<Option compilerVar="CC" />
		</Unit>
		<Unit filename="../../os/kernel/ucgui/GUI/Font/F13B_1.c">
			<Option compilerVar="CC" />
		</Unit>
		<Unit filename="../../os/kernel/ucgui/GUI/Font/F13B_ASCII.c">
			<Option compilerVar="CC" />
		</Unit>
		<Unit filename="../../os/kernel/ucgui/GUI/Font/F13HB_1.c">
			<Option compilerVar="CC" />
		</Unit>
		<Unit filename="../../os/kernel/ucgui/GUI/Font/F13HB_ASCII.c">
			<Option compilerVar="CC" />
		</Unit>
		<Unit filename="../../os/kernel/ucgui/GUI/Font/F13H_1.c">
			<Option compilerVar="CC" />
		</Unit>
		<Unit filename="../../os/kernel/ucgui/GUI/Font/F13H_ASCII.c">
			<Option compilerVar="CC" />
		</Unit>
		<Unit filename="../../os/kernel/ucgui/GUI/Font/F13_1.c">
			<Option compilerVar="CC" />
		</Unit>
		<Unit filename="../../os/kernel/ucgui/GUI/Font/F13_ASCII.c">
			<Option compilerVar="CC" />
		</Unit>
		<Unit filename="../../os/kernel/ucgui/GUI/Font/F16B_1.c">
			<Option compilerVar="CC" />
		</Unit>
		<Unit filename="../../os/kernel/ucgui/GUI/Font/F16B_ASCII.c">
			<Option compilerVar="CC" />
		</Unit>
		<Unit filename="../../os/kernel/ucgui/GUI/Font/F16_1.c">
			<Option compilerVar="CC" />
		</Unit>
		<Unit filename="../../os/kernel/ucgui/GUI/Font/F16_1HK.c">
			<Option compilerVar="CC" />
		</Unit>
		<Unit filename="../../os/kernel/ucgui/GUI/Font/F16_ASCII.c">
			<Option compilerVar="CC" />
		</Unit>
		<Unit filename="../../os/kernel/ucgui/GUI/Font/F16_HK.c">
			<Option compilerVar="CC" />
		</Unit>
		<Unit filename="../../os/kernel/ucgui/GUI/Font/F24B_1.c">
			<Option compilerVar="CC" />
		</Unit>
		<Unit filename="../../os/kernel/ucgui/GUI/Font/F24B_ASCII.c">
			<Option compilerVar="CC" />
		</Unit>
		<Unit filename="../../os/kernel/ucgui/GUI/Font/F24_1.c">
			<Option compilerVar="CC" />
		</Unit>
		<Unit filename="../../os/kernel/ucgui/GUI/Font/F24_ASCII.c">
			<Option compilerVar="CC" />
		</Unit>
		<Unit filename="../../os/kernel/ucgui/GUI/Font/F32B_1.c">
			<Option compilerVar="CC" />
		</Unit>
		<Unit filename="../../os/kernel/ucgui/GUI/Font/F32B_ASCII.c">
			<Option compilerVar="CC" />
		</Unit>
		<Unit filename="../../os/kernel/ucgui/GUI/Font/F32_1.c">
			<Option compilerVar="CC" />
		</Unit>
		<Unit filename="../../os/kernel/ucgui/GUI/Font/F32_ASCII.c">
			<Option compilerVar="CC" />
		</Unit>
		<Unit filename="../../os/kernel/ucgui/GUI/Font/F4x6.c">
			<Option compilerVar="CC" />
		</Unit>
		<Unit filename="../../os/kernel/ucgui/GUI/Font/F6x8.c">
			<Option compilerVar="CC" />
		</Unit>
		<Unit filename="../../os/kernel/ucgui/GUI/Font/F8x10_ASCII.c">
			<Option compilerVar="CC" />
		</Unit>
		<Unit filename="../../os/kernel/ucgui/GUI/Font/F8x12_ASCII.c">
			<Option compilerVar="CC" />
		</Unit>
		<Unit filename="../../os/kernel/ucgui/GUI/Font/F8x13_1.c">
			<Option compilerVar="CC" />
		</Unit>
		<Unit filename="../../os/kernel/ucgui/GUI/Font/F8x13_ASCII.c">
			<Option compilerVar="CC" />
		</Unit>
		<Unit filename="../../os/kernel/ucgui/GUI/Font/F8x15B_1.c">
			<Option compilerVar="CC" />
		</Unit>
		<Unit filename="../../os/kernel/ucgui/GUI/Font/F8x15B_ASCII.c">
			<Option compilerVar="CC" />
		</Unit>
		<Unit filename="../../os/kernel/ucgui/GUI/Font/F8x16.c">
			<Option compilerVar="CC" />
		</Unit>
		<Unit filename="../../os/kernel/ucgui/GUI/Font/F8x8.c">
			<Option compilerVar="CC" />
		</Unit>
		<Unit filename="../../os/kernel/ucgui/GUI/Font/FComic18B_1.c">
			<Option compilerVar="CC" />
		</Unit>
		<Unit filename="../../os/kernel/ucgui/GUI/Font/FComic18B_ASCII.c">
			<Option compilerVar="CC" />
		</Unit>
		<Unit filename="../../os/kernel/ucgui/GUI/Font/FComic24B_1.c">
			<Option compilerVar="CC" />
		</Unit>
		<Unit filename="../../os/kernel/ucgui/GUI/Font/FComic24B_ASCII.c">
			<Option compilerVar="CC" />
		</Unit>
		<Unit filename="../../os/kernel/ucgui/GUI/Font/FD24x32.c">
			<Option compilerVar="CC" />
		</Unit>
		<Unit filename="../../os/kernel/ucgui/GUI/Font/FD32.c">
			<Option compilerVar="CC" />
		</Unit>
		<Unit filename="../../os/kernel/ucgui/GUI/Font/FD36x48.c">
			<Option compilerVar="CC" />
		</Unit>
		<Unit filename="../../os/kernel/ucgui/GUI/Font/FD48.c">
			<Option compilerVar="CC" />
		</Unit>
		<Unit filename="../../os/kernel/ucgui/GUI/Font/FD48x64.c">
			<Option compilerVar="CC" />
		</Unit>
		<Unit filename="../../os/kernel/ucgui/GUI/Font/FD60x80.c">
			<Option compilerVar="CC" />
		</Unit>
		<Unit filename="../../os/kernel/ucgui/GUI/Font/FD64.c">
			<Option compilerVar="CC" />
		</Unit>
		<Unit filename="../../os/kernel/ucgui/GUI/Font/FD80.c">
			<Option compilerVar="CC" />
		</Unit>
		<Unit filename="../../os/kernel/ucgui/GUI/JPEG/GUI_JPEG.c">
			<Option compilerVar="CC" />
		</Unit>
		<Unit filename="../../os/kernel/ucgui/GUI/JPEG/jcomapi.c">
			<Option compilerVar="CC" />
		</Unit>
		<Unit filename="../../os/kernel/ucgui/GUI/JPEG/jconfig.h" />
		<Unit filename="../../os/kernel/ucgui/GUI/JPEG/jdapimin.c">
			<Option compilerVar="CC" />
		</Unit>
		<Unit filename="../../os/kernel/ucgui/GUI/JPEG/jdapistd.c">
			<Option compilerVar="CC" />
		</Unit>
		<Unit filename="../../os/kernel/ucgui/GUI/JPEG/jdcoefct.c">
			<Option compilerVar="CC" />
		</Unit>
		<Unit filename="../../os/kernel/ucgui/GUI/JPEG/jdcolor.c">
			<Option compilerVar="CC" />
		</Unit>
		<Unit filename="../../os/kernel/ucgui/GUI/JPEG/jdct.h" />
		<Unit filename="../../os/kernel/ucgui/GUI/JPEG/jddctmgr.c">
			<Option compilerVar="CC" />
		</Unit>
		<Unit filename="../../os/kernel/ucgui/GUI/JPEG/jdhuff.c">
			<Option compilerVar="CC" />
		</Unit>
		<Unit filename="../../os/kernel/ucgui/GUI/JPEG/jdhuff.h" />
		<Unit filename="../../os/kernel/ucgui/GUI/JPEG/jdinput.c">
			<Option compilerVar="CC" />
		</Unit>
		<Unit filename="../../os/kernel/ucgui/GUI/JPEG/jdmainct.c">
			<Option compilerVar="CC" />
		</Unit>
		<Unit filename="../../os/kernel/ucgui/GUI/JPEG/jdmarker.c">
			<Option compilerVar="CC" />
		</Unit>
		<Unit filename="../../os/kernel/ucgui/GUI/JPEG/jdmaster.c">
			<Option compilerVar="CC" />
		</Unit>
		<Unit filename="../../os/kernel/ucgui/GUI/JPEG/jdmerge.c">
			<Option compilerVar="CC" />
		</Unit>
		<Unit filename="../../os/kernel/ucgui/GUI/JPEG/jdphuff.c">
			<Option compilerVar="CC" />
		</Unit>
		<Unit filename="../../os/kernel/ucgui/GUI/JPEG/jdpostct.c">
			<Option compilerVar="CC" />
		</Unit>
		<Unit filename="../../os/kernel/ucgui/GUI/JPEG/jdsample.c">
			<Option compilerVar="CC" />
		</Unit>
		<Unit filename="../../os/kernel/ucgui/GUI/JPEG/jdtrans.c">
			<Option compilerVar="CC" />
		</Unit>
		<Unit filename="../../os/kernel/ucgui/GUI/JPEG/jerror.c">
			<Option compilerVar="CC" />
		</Unit>
		<Unit filename="../../os/kernel/ucgui/GUI/JPEG/jerror.h" />
		<Unit filename="../../os/kernel/ucgui/GUI/JPEG/jfdctflt.c">
			<Option compilerVar="CC" />
		</Unit>
		<Unit filename="../../os/kernel/ucgui/GUI/JPEG/jfdctfst.c">
			<Option compilerVar="CC" />
		</Unit>
		<Unit filename="../../os/kernel/ucgui/GUI/JPEG/jfdctint.c">
			<Option compilerVar="CC" />
		</Unit>
		<Unit filename="../../os/kernel/ucgui/GUI/JPEG/jidctflt.c">
			<Option compilerVar="CC" />
		</Unit>
		<Unit filename="../../os/kernel/ucgui/GUI/JPEG/jidctfst.c">
			<Option compilerVar="CC" />
		</Unit>
		<Unit filename="../../os/kernel/ucgui/GUI/JPEG/jidctint.c">
			<Option compilerVar="CC" />
		</Unit>
		<Unit filename="../../os/kernel/ucgui/GUI/JPEG/jidctred.c">
			<Option compilerVar="CC" />
		</Unit>
		<Unit filename="../../os/kernel/ucgui/GUI/JPEG/jinclude.h" />
		<Unit filename="../../os/kernel/ucgui/GUI/JPEG/jmemmgr.c">
			<Option compilerVar="CC" />
		</Unit>
		<Unit filename="../../os/kernel/ucgui/GUI/JPEG/jmemsys.h" />
		<Unit filename="../../os/kernel/ucgui/GUI/JPEG/jmorecfg.h" />
		<Unit filename="../../os/kernel/ucgui/GUI/JPEG/jpegint.h" />
		<Unit filename="../../os/kernel/ucgui/GUI/JPEG/jpeglib.h" />
		<Unit filename="../../os/kernel/ucgui/GUI/JPEG/jquant1.c">
			<Option compilerVar="CC" />
		</Unit>
		<Unit filename="../../os/kernel/ucgui/GUI/JPEG/jquant2.c">
			<Option compilerVar="CC" />
		</Unit>
		<Unit filename="../../os/kernel/ucgui/GUI/JPEG/jutils.c">
			<Option compilerVar="CC" />
		</Unit>
		<Unit filename="../../os/kernel/ucgui/GUI/JPEG/jversion.h" />
		<Unit filename="../../os/kernel/ucgui/GUI/LCDDriver/LCDDummy.c">
			<Option compilerVar="CC" />
		</Unit>
		<Unit filename="../../os/kernel/ucgui/GUI/MemDev/GUIDEV.c">
			<Option compilerVar="CC" />
		</Unit>
		<Unit filename="../../os/kernel/ucgui/GUI/MemDev/GUIDEV_1.c">
			<Option compilerVar="CC" />
		</Unit>
		<Unit filename="../../os/kernel/ucgui/GUI/MemDev/GUIDEV_16.c">
			<Option compilerVar="CC" />
		</Unit>
		<Unit filename="../../os/kernel/ucgui/GUI/MemDev/GUIDEV_8.c">
			<Option compilerVar="CC" />
		</Unit>
		<Unit filename="../../os/kernel/ucgui/GUI/MemDev/GUIDEV_AA.c">
			<Option compilerVar="CC" />
		</Unit>
		<Unit filename="../../os/kernel/ucgui/GUI/MemDev/GUIDEV_Auto.c">
			<Option compilerVar="CC" />
		</Unit>
		<Unit filename="../../os/kernel/ucgui/GUI/MemDev/GUIDEV_Banding.c">
			<Option compilerVar="CC" />
		</Unit>
		<Unit filename="../../os/kernel/ucgui/GUI/MemDev/GUIDEV_Clear.c">
			<Option compilerVar="CC" />
		</Unit>
		<Unit filename="../../os/kernel/ucgui/GUI/MemDev/GUIDEV_CmpWithLCD.c">
			<Option compilerVar="CC" />
		</Unit>
		<Unit filename="../../os/kernel/ucgui/GUI/MemDev/GUIDEV_CopyFromLCD.c">
			<Option compilerVar="CC" />
		</Unit>
		<Unit filename="../../os/kernel/ucgui/GUI/MemDev/GUIDEV_CreateFixed.c">
			<Option compilerVar="CC" />
		</Unit>
		<Unit filename="../../os/kernel/ucgui/GUI/MemDev/GUIDEV_GetDataPtr.c">
			<Option compilerVar="CC" />
		</Unit>
		<Unit filename="../../os/kernel/ucgui/GUI/MemDev/GUIDEV_GetXSize.c">
			<Option compilerVar="CC" />
		</Unit>
		<Unit filename="../../os/kernel/ucgui/GUI/MemDev/GUIDEV_GetYSize.c">
			<Option compilerVar="CC" />
		</Unit>
		<Unit filename="../../os/kernel/ucgui/GUI/MemDev/GUIDEV_Measure.c">
			<Option compilerVar="CC" />
		</Unit>
		<Unit filename="../../os/kernel/ucgui/GUI/MemDev/GUIDEV_ReduceYSize.c">
			<Option compilerVar="CC" />
		</Unit>
		<Unit filename="../../os/kernel/ucgui/GUI/MemDev/GUIDEV_SetOrg.c">
			<Option compilerVar="CC" />
		</Unit>
		<Unit filename="../../os/kernel/ucgui/GUI/MemDev/GUIDEV_Usage.c">
			<Option compilerVar="CC" />
		</Unit>
		<Unit filename="../../os/kernel/ucgui/GUI/MemDev/GUIDEV_UsageBM.c">
			<Option compilerVar="CC" />
		</Unit>
		<Unit filename="../../os/kernel/ucgui/GUI/MemDev/GUIDEV_Write.c">
			<Option compilerVar="CC" />
		</Unit>
		<Unit filename="../../os/kernel/ucgui/GUI/MemDev/GUIDEV_WriteAlpha.c">
			<Option compilerVar="CC" />
		</Unit>
		<Unit filename="../../os/kernel/ucgui/GUI/MemDev/GUIDEV_WriteEx.c">
			<Option compilerVar="CC" />
		</Unit>
		<Unit filename="../../os/kernel/ucgui/GUI/MemDev/GUIDEV_XY2PTR.c">
			<Option compilerVar="CC" />
		</Unit>
		<Unit filename="../../os/kernel/ucgui/GUI/MultiLayer/LCD_1.c">
			<Option compilerVar="CC" />
		</Unit>
		<Unit filename="../../os/kernel/ucgui/GUI/MultiLayer/LCD_2.c">
			<Option compilerVar="CC" />
		</Unit>
		<Unit filename="../../os/kernel/ucgui/GUI/MultiLayer/LCD_3.c">
			<Option compilerVar="CC" />
		</Unit>
		<Unit filename="../../os/kernel/ucgui/GUI/MultiLayer/LCD_4.c">
			<Option compilerVar="CC" />
		</Unit>
		<Unit filename="../../os/kernel/ucgui/GUI/MultiLayer/LCD_IncludeDriver.h" />
		<Unit filename="../../os/kernel/ucgui/GUI/WM/WM.c">
			<Option compilerVar="CC" />
		</Unit>
		<Unit filename="../../os/kernel/ucgui/GUI/WM/WM.h" />
		<Unit filename="../../os/kernel/ucgui/GUI/WM/WMMemDev.c">
			<Option compilerVar="CC" />
		</Unit>
		<Unit filename="../../os/kernel/ucgui/GUI/WM/WMTouch.c">
			<Option compilerVar="CC" />
		</Unit>
		<Unit filename="../../os/kernel/ucgui/GUI/WM/WM_AttachWindow.c">
			<Option compilerVar="CC" />
		</Unit>
		<Unit filename="../../os/kernel/ucgui/GUI/WM/WM_BringToBottom.c">
			<Option compilerVar="CC" />
		</Unit>
		<Unit filename="../../os/kernel/ucgui/GUI/WM/WM_BringToTop.c">
			<Option compilerVar="CC" />
		</Unit>
		<Unit filename="../../os/kernel/ucgui/GUI/WM/WM_Broadcast.c">
			<Option compilerVar="CC" />
		</Unit>
		<Unit filename="../../os/kernel/ucgui/GUI/WM/WM_CheckScrollPos.c">
			<Option compilerVar="CC" />
		</Unit>
		<Unit filename="../../os/kernel/ucgui/GUI/WM/WM_CriticalHandle.c">
			<Option compilerVar="CC" />
		</Unit>
		<Unit filename="../../os/kernel/ucgui/GUI/WM/WM_DIAG.c">
			<Option compilerVar="CC" />
		</Unit>
		<Unit filename="../../os/kernel/ucgui/GUI/WM/WM_EnableWindow.c">
			<Option compilerVar="CC" />
		</Unit>
		<Unit filename="../../os/kernel/ucgui/GUI/WM/WM_ForEachDesc.c">
			<Option compilerVar="CC" />
		</Unit>
		<Unit filename="../../os/kernel/ucgui/GUI/WM/WM_GUI.h" />
		<Unit filename="../../os/kernel/ucgui/GUI/WM/WM_GetBkColor.c">
			<Option compilerVar="CC" />
		</Unit>
		<Unit filename="../../os/kernel/ucgui/GUI/WM/WM_GetClientRect.c">
			<Option compilerVar="CC" />
		</Unit>
		<Unit filename="../../os/kernel/ucgui/GUI/WM/WM_GetClientWindow.c">
			<Option compilerVar="CC" />
		</Unit>
		<Unit filename="../../os/kernel/ucgui/GUI/WM/WM_GetDesktopWindow.c">
			<Option compilerVar="CC" />
		</Unit>
		<Unit filename="../../os/kernel/ucgui/GUI/WM/WM_GetDesktopWindowEx.c">
			<Option compilerVar="CC" />
		</Unit>
		<Unit filename="../../os/kernel/ucgui/GUI/WM/WM_GetDiagInfo.c">
			<Option compilerVar="CC" />
		</Unit>
		<Unit filename="../../os/kernel/ucgui/GUI/WM/WM_GetDialogItem.c">
			<Option compilerVar="CC" />
		</Unit>
		<Unit filename="../../os/kernel/ucgui/GUI/WM/WM_GetFirstChild.c">
			<Option compilerVar="CC" />
		</Unit>
		<Unit filename="../../os/kernel/ucgui/GUI/WM/WM_GetFlags.c">
			<Option compilerVar="CC" />
		</Unit>
		<Unit filename="../../os/kernel/ucgui/GUI/WM/WM_GetFocussedWindow.c">
			<Option compilerVar="CC" />
		</Unit>
		<Unit filename="../../os/kernel/ucgui/GUI/WM/WM_GetId.c">
			<Option compilerVar="CC" />
		</Unit>
		<Unit filename="../../os/kernel/ucgui/GUI/WM/WM_GetInsideRect.c">
			<Option compilerVar="CC" />
		</Unit>
		<Unit filename="../../os/kernel/ucgui/GUI/WM/WM_GetInsideRectExScrollbar.c">
			<Option compilerVar="CC" />
		</Unit>
		<Unit filename="../../os/kernel/ucgui/GUI/WM/WM_GetInvalidRect.c">
			<Option compilerVar="CC" />
		</Unit>
		<Unit filename="../../os/kernel/ucgui/GUI/WM/WM_GetNextSibling.c">
			<Option compilerVar="CC" />
		</Unit>
		<Unit filename="../../os/kernel/ucgui/GUI/WM/WM_GetOrg.c">
			<Option compilerVar="CC" />
		</Unit>
		<Unit filename="../../os/kernel/ucgui/GUI/WM/WM_GetParent.c">
			<Option compilerVar="CC" />
		</Unit>
		<Unit filename="../../os/kernel/ucgui/GUI/WM/WM_GetPrevSibling.c">
			<Option compilerVar="CC" />
		</Unit>
		<Unit filename="../../os/kernel/ucgui/GUI/WM/WM_GetScrollPartner.c">
			<Option compilerVar="CC" />
		</Unit>
		<Unit filename="../../os/kernel/ucgui/GUI/WM/WM_GetScrollState.c">
			<Option compilerVar="CC" />
		</Unit>
		<Unit filename="../../os/kernel/ucgui/GUI/WM/WM_GetScrollbar.c">
			<Option compilerVar="CC" />
		</Unit>
		<Unit filename="../../os/kernel/ucgui/GUI/WM/WM_GetWindowRect.c">
			<Option compilerVar="CC" />
		</Unit>
		<Unit filename="../../os/kernel/ucgui/GUI/WM/WM_GetWindowSize.c">
			<Option compilerVar="CC" />
		</Unit>
		<Unit filename="../../os/kernel/ucgui/GUI/WM/WM_HasCaptured.c">
			<Option compilerVar="CC" />
		</Unit>
		<Unit filename="../../os/kernel/ucgui/GUI/WM/WM_HasFocus.c">
			<Option compilerVar="CC" />
		</Unit>
		<Unit filename="../../os/kernel/ucgui/GUI/WM/WM_Hide.c">
			<Option compilerVar="CC" />
		</Unit>
		<Unit filename="../../os/kernel/ucgui/GUI/WM/WM_Intern.h" />
		<Unit filename="../../os/kernel/ucgui/GUI/WM/WM_Intern_ConfDep.h" />
		<Unit filename="../../os/kernel/ucgui/GUI/WM/WM_IsCompletelyVisible.c">
			<Option compilerVar="CC" />
		</Unit>
		<Unit filename="../../os/kernel/ucgui/GUI/WM/WM_IsEnabled.c">
			<Option compilerVar="CC" />
		</Unit>
		<Unit filename="../../os/kernel/ucgui/GUI/WM/WM_IsFocussable.c">
			<Option compilerVar="CC" />
		</Unit>
		<Unit filename="../../os/kernel/ucgui/GUI/WM/WM_IsVisible.c">
			<Option compilerVar="CC" />
		</Unit>
		<Unit filename="../../os/kernel/ucgui/GUI/WM/WM_IsWindow.c">
			<Option compilerVar="CC" />
		</Unit>
		<Unit filename="../../os/kernel/ucgui/GUI/WM/WM_MakeModal.c">
			<Option compilerVar="CC" />
		</Unit>
		<Unit filename="../../os/kernel/ucgui/GUI/WM/WM_Move.c">
			<Option compilerVar="CC" />
		</Unit>
		<Unit filename="../../os/kernel/ucgui/GUI/WM/WM_MoveChildTo.c">
			<Option compilerVar="CC" />
		</Unit>
		<Unit filename="../../os/kernel/ucgui/GUI/WM/WM_NotifyParent.c">
			<Option compilerVar="CC" />
		</Unit>
		<Unit filename="../../os/kernel/ucgui/GUI/WM/WM_OnKey.c">
			<Option compilerVar="CC" />
		</Unit>
		<Unit filename="../../os/kernel/ucgui/GUI/WM/WM_PID__GetPrevState.c">
			<Option compilerVar="CC" />
		</Unit>
		<Unit filename="../../os/kernel/ucgui/GUI/WM/WM_Paint.c">
			<Option compilerVar="CC" />
		</Unit>
		<Unit filename="../../os/kernel/ucgui/GUI/WM/WM_ResizeWindow.c">
			<Option compilerVar="CC" />
		</Unit>
		<Unit filename="../../os/kernel/ucgui/GUI/WM/WM_Screen2Win.c">
			<Option compilerVar="CC" />
		</Unit>
		<Unit filename="../../os/kernel/ucgui/GUI/WM/WM_SendMessageNoPara.c">
			<Option compilerVar="CC" />
		</Unit>
		<Unit filename="../../os/kernel/ucgui/GUI/WM/WM_SendToParent.c">
			<Option compilerVar="CC" />
		</Unit>
		<Unit filename="../../os/kernel/ucgui/GUI/WM/WM_SetAnchor.c">
			<Option compilerVar="CC" />
		</Unit>
		<Unit filename="../../os/kernel/ucgui/GUI/WM/WM_SetCallback.c">
			<Option compilerVar="CC" />
		</Unit>
		<Unit filename="../../os/kernel/ucgui/GUI/WM/WM_SetCapture.c">
			<Option compilerVar="CC" />
		</Unit>
		<Unit filename="../../os/kernel/ucgui/GUI/WM/WM_SetCaptureMove.c">
			<Option compilerVar="CC" />
		</Unit>
		<Unit filename="../../os/kernel/ucgui/GUI/WM/WM_SetCreateFlags.c">
			<Option compilerVar="CC" />
		</Unit>
		<Unit filename="../../os/kernel/ucgui/GUI/WM/WM_SetDesktopColor.c">
			<Option compilerVar="CC" />
		</Unit>
		<Unit filename="../../os/kernel/ucgui/GUI/WM/WM_SetFocus.c">
			<Option compilerVar="CC" />
		</Unit>
		<Unit filename="../../os/kernel/ucgui/GUI/WM/WM_SetFocusOnNextChild.c">
			<Option compilerVar="CC" />
		</Unit>
		<Unit filename="../../os/kernel/ucgui/GUI/WM/WM_SetFocusOnPrevChild.c">
			<Option compilerVar="CC" />
		</Unit>
		<Unit filename="../../os/kernel/ucgui/GUI/WM/WM_SetId.c">
			<Option compilerVar="CC" />
		</Unit>
		<Unit filename="../../os/kernel/ucgui/GUI/WM/WM_SetScrollState.c">
			<Option compilerVar="CC" />
		</Unit>
		<Unit filename="../../os/kernel/ucgui/GUI/WM/WM_SetScrollbar.c">
			<Option compilerVar="CC" />
		</Unit>
		<Unit filename="../../os/kernel/ucgui/GUI/WM/WM_SetSize.c">
			<Option compilerVar="CC" />
		</Unit>
		<Unit filename="../../os/kernel/ucgui/GUI/WM/WM_SetTrans.c">
			<Option compilerVar="CC" />
		</Unit>
		<Unit filename="../../os/kernel/ucgui/GUI/WM/WM_SetTransState.c">
			<Option compilerVar="CC" />
		</Unit>
		<Unit filename="../../os/kernel/ucgui/GUI/WM/WM_SetUserClipRect.c">
			<Option compilerVar="CC" />
		</Unit>
		<Unit filename="../../os/kernel/ucgui/GUI/WM/WM_SetXSize.c">
			<Option compilerVar="CC" />
		</Unit>
		<Unit filename="../../os/kernel/ucgui/GUI/WM/WM_SetYSize.c">
			<Option compilerVar="CC" />
		</Unit>
		<Unit filename="../../os/kernel/ucgui/GUI/WM/WM_SetpfPollPID.c">
			<Option compilerVar="CC" />
		</Unit>
		<Unit filename="../../os/kernel/ucgui/GUI/WM/WM_Show.c">
			<Option compilerVar="CC" />
		</Unit>
		<Unit filename="../../os/kernel/ucgui/GUI/WM/WM_StayOnTop.c">
			<Option compilerVar="CC" />
		</Unit>
		<Unit filename="../../os/kernel/ucgui/GUI/WM/WM_Timer.c">
			<Option compilerVar="CC" />
		</Unit>
		<Unit filename="../../os/kernel/ucgui/GUI/WM/WM_TimerExternal.c">
			<Option compilerVar="CC" />
		</Unit>
		<Unit filename="../../os/kernel/ucgui/GUI/WM/WM_UserData.c">
			<Option compilerVar="CC" />
		</Unit>
		<Unit filename="../../os/kernel/ucgui/GUI/WM/WM_Validate.c">
			<Option compilerVar="CC" />
		</Unit>
		<Unit filename="../../os/kernel/ucgui/GUI/WM/WM_ValidateWindow.c">
			<Option compilerVar="CC" />
		</Unit>
		<Unit filename="../../os/kernel/ucgui/GUI/WM/WM__ForEachDesc.c">
			<Option compilerVar="CC" />
		</Unit>
		<Unit filename="../../os/kernel/ucgui/GUI/WM/WM__GetFirstSibling.c">
			<Option compilerVar="CC" />
		</Unit>
		<Unit filename="../../os/kernel/ucgui/GUI/WM/WM__GetFocussedChild.c">
			<Option compilerVar="CC" />
		</Unit>
		<Unit filename="../../os/kernel/ucgui/GUI/WM/WM__GetLastSibling.c">
			<Option compilerVar="CC" />
		</Unit>
		<Unit filename="../../os/kernel/ucgui/GUI/WM/WM__GetOrg_AA.c">
			<Option compilerVar="CC" />
		</Unit>
		<Unit filename="../../os/kernel/ucgui/GUI/WM/WM__GetPrevSibling.c">
			<Option compilerVar="CC" />
		</Unit>
		<Unit filename="../../os/kernel/ucgui/GUI/WM/WM__IsAncestor.c">
			<Option compilerVar="CC" />
		</Unit>
		<Unit filename="../../os/kernel/ucgui/GUI/WM/WM__IsChild.c">
			<Option compilerVar="CC" />
		</Unit>
		<Unit filename="../../os/kernel/ucgui/GUI/WM/WM__IsEnabled.c">
			<Option compilerVar="CC" />
		</Unit>
		<Unit filename="../../os/kernel/ucgui/GUI/WM/WM__NotifyVisChanged.c">
			<Option compilerVar="CC" />
		</Unit>
		<Unit filename="../../os/kernel/ucgui/GUI/WM/WM__Screen2Client.c">
			<Option compilerVar="CC" />
		</Unit>
		<Unit filename="../../os/kernel/ucgui/GUI/WM/WM__SendMessage.c">
			<Option compilerVar="CC" />
		</Unit>
		<Unit filename="../../os/kernel/ucgui/GUI/WM/WM__SendMessageIfEnabled.c">
			<Option compilerVar="CC" />
		</Unit>
		<Unit filename="../../os/kernel/ucgui/GUI/WM/WM__SendMessageNoPara.c">
			<Option compilerVar="CC" />
		</Unit>
		<Unit filename="../../os/kernel/ucgui/GUI/WM/WM__UpdateChildPositions.c">
			<Option compilerVar="CC" />
		</Unit>
		<Unit filename="../../os/kernel/ucgui/GUI/Widget/BUTTON.c">
			<Option compilerVar="CC" />
		</Unit>
		<Unit filename="../../os/kernel/ucgui/GUI/Widget/BUTTON.h" />
		<Unit filename="../../os/kernel/ucgui/GUI/Widget/BUTTON_BMP.c">
			<Option compilerVar="CC" />
		</Unit>
		<Unit filename="../../os/kernel/ucgui/GUI/Widget/BUTTON_Bitmap.c">
			<Option compilerVar="CC" />
		</Unit>
		<Unit filename="../../os/kernel/ucgui/GUI/Widget/BUTTON_Create.c">
			<Option compilerVar="CC" />
		</Unit>
		<Unit filename="../../os/kernel/ucgui/GUI/Widget/BUTTON_CreateIndirect.c">
			<Option compilerVar="CC" />
		</Unit>
		<Unit filename="../../os/kernel/ucgui/GUI/Widget/BUTTON_Default.c">
			<Option compilerVar="CC" />
		</Unit>
		<Unit filename="../../os/kernel/ucgui/GUI/Widget/BUTTON_Get.c">
			<Option compilerVar="CC" />
		</Unit>
		<Unit filename="../../os/kernel/ucgui/GUI/Widget/BUTTON_IsPressed.c">
			<Option compilerVar="CC" />
		</Unit>
		<Unit filename="../../os/kernel/ucgui/GUI/Widget/BUTTON_Private.h" />
		<Unit filename="../../os/kernel/ucgui/GUI/Widget/BUTTON_SelfDraw.c">
			<Option compilerVar="CC" />
		</Unit>
		<Unit filename="../../os/kernel/ucgui/GUI/Widget/BUTTON_SetTextAlign.c">
			<Option compilerVar="CC" />
		</Unit>
		<Unit filename="../../os/kernel/ucgui/GUI/Widget/BUTTON_StreamedBitmap.c">
			<Option compilerVar="CC" />
		</Unit>
		<Unit filename="../../os/kernel/ucgui/GUI/Widget/BUTTON__SetBitmapObj.c">
			<Option compilerVar="CC" />
		</Unit>
		<Unit filename="../../os/kernel/ucgui/GUI/Widget/CHECKBOX.c">
			<Option compilerVar="CC" />
		</Unit>
		<Unit filename="../../os/kernel/ucgui/GUI/Widget/CHECKBOX.h" />
		<Unit filename="../../os/kernel/ucgui/GUI/Widget/CHECKBOX_Create.c">
			<Option compilerVar="CC" />
		</Unit>
		<Unit filename="../../os/kernel/ucgui/GUI/Widget/CHECKBOX_CreateIndirect.c">
			<Option compilerVar="CC" />
		</Unit>
		<Unit filename="../../os/kernel/ucgui/GUI/Widget/CHECKBOX_Default.c">
			<Option compilerVar="CC" />
		</Unit>
		<Unit filename="../../os/kernel/ucgui/GUI/Widget/CHECKBOX_GetState.c">
			<Option compilerVar="CC" />
		</Unit>
		<Unit filename="../../os/kernel/ucgui/GUI/Widget/CHECKBOX_Image.c">
			<Option compilerVar="CC" />
		</Unit>
		<Unit filename="../../os/kernel/ucgui/GUI/Widget/CHECKBOX_IsChecked.c">
			<Option compilerVar="CC" />
		</Unit>
		<Unit filename="../../os/kernel/ucgui/GUI/Widget/CHECKBOX_Private.h" />
		<Unit filename="../../os/kernel/ucgui/GUI/Widget/CHECKBOX_SetBkColor.c">
			<Option compilerVar="CC" />
		</Unit>
		<Unit filename="../../os/kernel/ucgui/GUI/Widget/CHECKBOX_SetDefaultImage.c">
			<Option compilerVar="CC" />
		</Unit>
		<Unit filename="../../os/kernel/ucgui/GUI/Widget/CHECKBOX_SetFont.c">
			<Option compilerVar="CC" />
		</Unit>
		<Unit filename="../../os/kernel/ucgui/GUI/Widget/CHECKBOX_SetImage.c">
			<Option compilerVar="CC" />
		</Unit>
		<Unit filename="../../os/kernel/ucgui/GUI/Widget/CHECKBOX_SetNumStates.c">
			<Option compilerVar="CC" />
		</Unit>
		<Unit filename="../../os/kernel/ucgui/GUI/Widget/CHECKBOX_SetSpacing.c">
			<Option compilerVar="CC" />
		</Unit>
		<Unit filename="../../os/kernel/ucgui/GUI/Widget/CHECKBOX_SetState.c">
			<Option compilerVar="CC" />
		</Unit>
		<Unit filename="../../os/kernel/ucgui/GUI/Widget/CHECKBOX_SetText.c">
			<Option compilerVar="CC" />
		</Unit>
		<Unit filename="../../os/kernel/ucgui/GUI/Widget/CHECKBOX_SetTextAlign.c">
			<Option compilerVar="CC" />
		</Unit>
		<Unit filename="../../os/kernel/ucgui/GUI/Widget/CHECKBOX_SetTextColor.c">
			<Option compilerVar="CC" />
		</Unit>
		<Unit filename="../../os/kernel/ucgui/GUI/Widget/DIALOG.c">
			<Option compilerVar="CC" />
		</Unit>
		<Unit filename="../../os/kernel/ucgui/GUI/Widget/DIALOG.h" />
		<Unit filename="../../os/kernel/ucgui/GUI/Widget/DIALOG_Intern.h" />
		<Unit filename="../../os/kernel/ucgui/GUI/Widget/DROPDOWN.c">
			<Option compilerVar="CC" />
		</Unit>
		<Unit filename="../../os/kernel/ucgui/GUI/Widget/DROPDOWN.h" />
		<Unit filename="../../os/kernel/ucgui/GUI/Widget/DROPDOWN_Create.c">
			<Option compilerVar="CC" />
		</Unit>
		<Unit filename="../../os/kernel/ucgui/GUI/Widget/DROPDOWN_CreateIndirect.c">
			<Option compilerVar="CC" />
		</Unit>
		<Unit filename="../../os/kernel/ucgui/GUI/Widget/DROPDOWN_DeleteItem.c">
			<Option compilerVar="CC" />
		</Unit>
		<Unit filename="../../os/kernel/ucgui/GUI/Widget/DROPDOWN_InsertString.c">
			<Option compilerVar="CC" />
		</Unit>
		<Unit filename="../../os/kernel/ucgui/GUI/Widget/DROPDOWN_ItemSpacing.c">
			<Option compilerVar="CC" />
		</Unit>
		<Unit filename="../../os/kernel/ucgui/GUI/Widget/DROPDOWN_Private.h" />
		<Unit filename="../../os/kernel/ucgui/GUI/Widget/DROPDOWN_SetAutoScroll.c">
			<Option compilerVar="CC" />
		</Unit>
		<Unit filename="../../os/kernel/ucgui/GUI/Widget/DROPDOWN_SetTextAlign.c">
			<Option compilerVar="CC" />
		</Unit>
		<Unit filename="../../os/kernel/ucgui/GUI/Widget/DROPDOWN_SetTextHeight.c">
			<Option compilerVar="CC" />
		</Unit>
		<Unit filename="../../os/kernel/ucgui/GUI/Widget/EDIT.c">
			<Option compilerVar="CC" />
		</Unit>
		<Unit filename="../../os/kernel/ucgui/GUI/Widget/EDIT.h" />
		<Unit filename="../../os/kernel/ucgui/GUI/Widget/EDITBin.c">
			<Option compilerVar="CC" />
		</Unit>
		<Unit filename="../../os/kernel/ucgui/GUI/Widget/EDITDec.c">
			<Option compilerVar="CC" />
		</Unit>
		<Unit filename="../../os/kernel/ucgui/GUI/Widget/EDITFloat.c">
			<Option compilerVar="CC" />
		</Unit>
		<Unit filename="../../os/kernel/ucgui/GUI/Widget/EDITHex.c">
			<Option compilerVar="CC" />
		</Unit>
		<Unit filename="../../os/kernel/ucgui/GUI/Widget/EDIT_Create.c">
			<Option compilerVar="CC" />
		</Unit>
		<Unit filename="../../os/kernel/ucgui/GUI/Widget/EDIT_CreateIndirect.c">
			<Option compilerVar="CC" />
		</Unit>
		<Unit filename="../../os/kernel/ucgui/GUI/Widget/EDIT_Default.c">
			<Option compilerVar="CC" />
		</Unit>
		<Unit filename="../../os/kernel/ucgui/GUI/Widget/EDIT_GetNumChars.c">
			<Option compilerVar="CC" />
		</Unit>
		<Unit filename="../../os/kernel/ucgui/GUI/Widget/EDIT_Private.h" />
		<Unit filename="../../os/kernel/ucgui/GUI/Widget/EDIT_SetCursorAtChar.c">
			<Option compilerVar="CC" />
		</Unit>
		<Unit filename="../../os/kernel/ucgui/GUI/Widget/EDIT_SetInsertMode.c">
			<Option compilerVar="CC" />
		</Unit>
		<Unit filename="../../os/kernel/ucgui/GUI/Widget/EDIT_SetSel.c">
			<Option compilerVar="CC" />
		</Unit>
		<Unit filename="../../os/kernel/ucgui/GUI/Widget/EDIT_SetpfAddKeyEx.c">
			<Option compilerVar="CC" />
		</Unit>
		<Unit filename="../../os/kernel/ucgui/GUI/Widget/EDIT_SetpfUpdateBuffer.c">
			<Option compilerVar="CC" />
		</Unit>
		<Unit filename="../../os/kernel/ucgui/GUI/Widget/FRAMEWIN.c">
			<Option compilerVar="CC" />
		</Unit>
		<Unit filename="../../os/kernel/ucgui/GUI/Widget/FRAMEWIN.h" />
		<Unit filename="../../os/kernel/ucgui/GUI/Widget/FRAMEWIN_AddMenu.c">
			<Option compilerVar="CC" />
		</Unit>
		<Unit filename="../../os/kernel/ucgui/GUI/Widget/FRAMEWIN_Button.c">
			<Option compilerVar="CC" />
		</Unit>
		<Unit filename="../../os/kernel/ucgui/GUI/Widget/FRAMEWIN_ButtonClose.c">
			<Option compilerVar="CC" />
		</Unit>
		<Unit filename="../../os/kernel/ucgui/GUI/Widget/FRAMEWIN_ButtonMax.c">
			<Option compilerVar="CC" />
		</Unit>
		<Unit filename="../../os/kernel/ucgui/GUI/Widget/FRAMEWIN_ButtonMin.c">
			<Option compilerVar="CC" />
		</Unit>
		<Unit filename="../../os/kernel/ucgui/GUI/Widget/FRAMEWIN_Create.c">
			<Option compilerVar="CC" />
		</Unit>
		<Unit filename="../../os/kernel/ucgui/GUI/Widget/FRAMEWIN_CreateIndirect.c">
			<Option compilerVar="CC" />
		</Unit>
		<Unit filename="../../os/kernel/ucgui/GUI/Widget/FRAMEWIN_Default.c">
			<Option compilerVar="CC" />
		</Unit>
		<Unit filename="../../os/kernel/ucgui/GUI/Widget/FRAMEWIN_Get.c">
			<Option compilerVar="CC" />
		</Unit>
		<Unit filename="../../os/kernel/ucgui/GUI/Widget/FRAMEWIN_IsMinMax.c">
			<Option compilerVar="CC" />
		</Unit>
		<Unit filename="../../os/kernel/ucgui/GUI/Widget/FRAMEWIN_MinMaxRest.c">
			<Option compilerVar="CC" />
		</Unit>
		<Unit filename="../../os/kernel/ucgui/GUI/Widget/FRAMEWIN_Private.h" />
		<Unit filename="../../os/kernel/ucgui/GUI/Widget/FRAMEWIN_SetBorderSize.c">
			<Option compilerVar="CC" />
		</Unit>
		<Unit filename="../../os/kernel/ucgui/GUI/Widget/FRAMEWIN_SetColors.c">
			<Option compilerVar="CC" />
		</Unit>
		<Unit filename="../../os/kernel/ucgui/GUI/Widget/FRAMEWIN_SetFont.c">
			<Option compilerVar="CC" />
		</Unit>
		<Unit filename="../../os/kernel/ucgui/GUI/Widget/FRAMEWIN_SetResizeable.c">
			<Option compilerVar="CC" />
		</Unit>
		<Unit filename="../../os/kernel/ucgui/GUI/Widget/FRAMEWIN_SetTitleHeight.c">
			<Option compilerVar="CC" />
		</Unit>
		<Unit filename="../../os/kernel/ucgui/GUI/Widget/FRAMEWIN_SetTitleVis.c">
			<Option compilerVar="CC" />
		</Unit>
		<Unit filename="../../os/kernel/ucgui/GUI/Widget/FRAMEWIN__UpdateButtons.c">
			<Option compilerVar="CC" />
		</Unit>
		<Unit filename="../../os/kernel/ucgui/GUI/Widget/GUI_ARRAY.c">
			<Option compilerVar="CC" />
		</Unit>
		<Unit filename="../../os/kernel/ucgui/GUI/Widget/GUI_ARRAY.h" />
		<Unit filename="../../os/kernel/ucgui/GUI/Widget/GUI_ARRAY_DeleteItem.c">
			<Option compilerVar="CC" />
		</Unit>
		<Unit filename="../../os/kernel/ucgui/GUI/Widget/GUI_ARRAY_InsertItem.c">
			<Option compilerVar="CC" />
		</Unit>
		<Unit filename="../../os/kernel/ucgui/GUI/Widget/GUI_ARRAY_ResizeItem.c">
			<Option compilerVar="CC" />
		</Unit>
		<Unit filename="../../os/kernel/ucgui/GUI/Widget/GUI_DRAW.c">
			<Option compilerVar="CC" />
		</Unit>
		<Unit filename="../../os/kernel/ucgui/GUI/Widget/GUI_DRAW_BITMAP.c">
			<Option compilerVar="CC" />
		</Unit>
		<Unit filename="../../os/kernel/ucgui/GUI/Widget/GUI_DRAW_BMP.c">
			<Option compilerVar="CC" />
		</Unit>
		<Unit filename="../../os/kernel/ucgui/GUI/Widget/GUI_DRAW_STREAMED.c">
			<Option compilerVar="CC" />
		</Unit>
		<Unit filename="../../os/kernel/ucgui/GUI/Widget/GUI_DRAW_Self.c">
			<Option compilerVar="CC" />
		</Unit>
		<Unit filename="../../os/kernel/ucgui/GUI/Widget/GUI_EditBin.c">
			<Option compilerVar="CC" />
		</Unit>
		<Unit filename="../../os/kernel/ucgui/GUI/Widget/GUI_EditDec.c">
			<Option compilerVar="CC" />
		</Unit>
		<Unit filename="../../os/kernel/ucgui/GUI/Widget/GUI_EditFloat.c">
			<Option compilerVar="CC" />
		</Unit>
		<Unit filename="../../os/kernel/ucgui/GUI/Widget/GUI_EditHex.c">
			<Option compilerVar="CC" />
		</Unit>
		<Unit filename="../../os/kernel/ucgui/GUI/Widget/GUI_EditString.c">
			<Option compilerVar="CC" />
		</Unit>
		<Unit filename="../../os/kernel/ucgui/GUI/Widget/GUI_HOOK.c">
			<Option compilerVar="CC" />
		</Unit>
		<Unit filename="../../os/kernel/ucgui/GUI/Widget/GUI_HOOK.h" />
		<Unit filename="../../os/kernel/ucgui/GUI/Widget/HEADER.c">
			<Option compilerVar="CC" />
		</Unit>
		<Unit filename="../../os/kernel/ucgui/GUI/Widget/HEADER.h" />
		<Unit filename="../../os/kernel/ucgui/GUI/Widget/HEADER_BMP.c">
			<Option compilerVar="CC" />
		</Unit>
		<Unit filename="../../os/kernel/ucgui/GUI/Widget/HEADER_Bitmap.c">
			<Option compilerVar="CC" />
		</Unit>
		<Unit filename="../../os/kernel/ucgui/GUI/Widget/HEADER_Create.c">
			<Option compilerVar="CC" />
		</Unit>
		<Unit filename="../../os/kernel/ucgui/GUI/Widget/HEADER_CreateIndirect.c">
			<Option compilerVar="CC" />
		</Unit>
		<Unit filename="../../os/kernel/ucgui/GUI/Widget/HEADER_Private.h" />
		<Unit filename="../../os/kernel/ucgui/GUI/Widget/HEADER_StreamedBitmap.c">
			<Option compilerVar="CC" />
		</Unit>
		<Unit filename="../../os/kernel/ucgui/GUI/Widget/HEADER__SetDrawObj.c">
			<Option compilerVar="CC" />
		</Unit>
		<Unit filename="../../os/kernel/ucgui/GUI/Widget/LISTBOX.c">
			<Option compilerVar="CC" />
		</Unit>
		<Unit filename="../../os/kernel/ucgui/GUI/Widget/LISTBOX.h" />
		<Unit filename="../../os/kernel/ucgui/GUI/Widget/LISTBOX_Create.c">
			<Option compilerVar="CC" />
		</Unit>
		<Unit filename="../../os/kernel/ucgui/GUI/Widget/LISTBOX_CreateIndirect.c">
			<Option compilerVar="CC" />
		</Unit>
		<Unit filename="../../os/kernel/ucgui/GUI/Widget/LISTBOX_Default.c">
			<Option compilerVar="CC" />
		</Unit>
		<Unit filename="../../os/kernel/ucgui/GUI/Widget/LISTBOX_DeleteItem.c">
			<Option compilerVar="CC" />
		</Unit>
		<Unit filename="../../os/kernel/ucgui/GUI/Widget/LISTBOX_Font.c">
			<Option compilerVar="CC" />
		</Unit>
		<Unit filename="../../os/kernel/ucgui/GUI/Widget/LISTBOX_GetItemText.c">
			<Option compilerVar="CC" />
		</Unit>
		<Unit filename="../../os/kernel/ucgui/GUI/Widget/LISTBOX_GetNumItems.c">
			<Option compilerVar="CC" />
		</Unit>
		<Unit filename="../../os/kernel/ucgui/GUI/Widget/LISTBOX_InsertString.c">
			<Option compilerVar="CC" />
		</Unit>
		<Unit filename="../../os/kernel/ucgui/GUI/Widget/LISTBOX_ItemDisabled.c">
			<Option compilerVar="CC" />
		</Unit>
		<Unit filename="../../os/kernel/ucgui/GUI/Widget/LISTBOX_ItemSpacing.c">
			<Option compilerVar="CC" />
		</Unit>
		<Unit filename="../../os/kernel/ucgui/GUI/Widget/LISTBOX_MultiSel.c">
			<Option compilerVar="CC" />
		</Unit>
		<Unit filename="../../os/kernel/ucgui/GUI/Widget/LISTBOX_Private.h" />
		<Unit filename="../../os/kernel/ucgui/GUI/Widget/LISTBOX_ScrollStep.c">
			<Option compilerVar="CC" />
		</Unit>
		<Unit filename="../../os/kernel/ucgui/GUI/Widget/LISTBOX_SetAutoScroll.c">
			<Option compilerVar="CC" />
		</Unit>
		<Unit filename="../../os/kernel/ucgui/GUI/Widget/LISTBOX_SetBkColor.c">
			<Option compilerVar="CC" />
		</Unit>
		<Unit filename="../../os/kernel/ucgui/GUI/Widget/LISTBOX_SetOwner.c">
			<Option compilerVar="CC" />
		</Unit>
		<Unit filename="../../os/kernel/ucgui/GUI/Widget/LISTBOX_SetOwnerDraw.c">
			<Option compilerVar="CC" />
		</Unit>
		<Unit filename="../../os/kernel/ucgui/GUI/Widget/LISTBOX_SetScrollbarWidth.c">
			<Option compilerVar="CC" />
		</Unit>
		<Unit filename="../../os/kernel/ucgui/GUI/Widget/LISTBOX_SetString.c">
			<Option compilerVar="CC" />
		</Unit>
		<Unit filename="../../os/kernel/ucgui/GUI/Widget/LISTBOX_SetTextColor.c">
			<Option compilerVar="CC" />
		</Unit>
		<Unit filename="../../os/kernel/ucgui/GUI/Widget/LISTVIEW.c">
			<Option compilerVar="CC" />
		</Unit>
		<Unit filename="../../os/kernel/ucgui/GUI/Widget/LISTVIEW.h" />
		<Unit filename="../../os/kernel/ucgui/GUI/Widget/LISTVIEW_Create.c">
			<Option compilerVar="CC" />
		</Unit>
		<Unit filename="../../os/kernel/ucgui/GUI/Widget/LISTVIEW_CreateIndirect.c">
			<Option compilerVar="CC" />
		</Unit>
		<Unit filename="../../os/kernel/ucgui/GUI/Widget/LISTVIEW_Default.c">
			<Option compilerVar="CC" />
		</Unit>
		<Unit filename="../../os/kernel/ucgui/GUI/Widget/LISTVIEW_DeleteColumn.c">
			<Option compilerVar="CC" />
		</Unit>
		<Unit filename="../../os/kernel/ucgui/GUI/Widget/LISTVIEW_DeleteRow.c">
			<Option compilerVar="CC" />
		</Unit>
		<Unit filename="../../os/kernel/ucgui/GUI/Widget/LISTVIEW_GetBkColor.c">
			<Option compilerVar="CC" />
		</Unit>
		<Unit filename="../../os/kernel/ucgui/GUI/Widget/LISTVIEW_GetFont.c">
			<Option compilerVar="CC" />
		</Unit>
		<Unit filename="../../os/kernel/ucgui/GUI/Widget/LISTVIEW_GetHeader.c">
			<Option compilerVar="CC" />
		</Unit>
		<Unit filename="../../os/kernel/ucgui/GUI/Widget/LISTVIEW_GetNumColumns.c">
			<Option compilerVar="CC" />
		</Unit>
		<Unit filename="../../os/kernel/ucgui/GUI/Widget/LISTVIEW_GetNumRows.c">
			<Option compilerVar="CC" />
		</Unit>
		<Unit filename="../../os/kernel/ucgui/GUI/Widget/LISTVIEW_GetSel.c">
			<Option compilerVar="CC" />
		</Unit>
		<Unit filename="../../os/kernel/ucgui/GUI/Widget/LISTVIEW_GetTextColor.c">
			<Option compilerVar="CC" />
		</Unit>
		<Unit filename="../../os/kernel/ucgui/GUI/Widget/LISTVIEW_Private.h" />
		<Unit filename="../../os/kernel/ucgui/GUI/Widget/LISTVIEW_SetBkColor.c">
			<Option compilerVar="CC" />
		</Unit>
		<Unit filename="../../os/kernel/ucgui/GUI/Widget/LISTVIEW_SetColumnWidth.c">
			<Option compilerVar="CC" />
		</Unit>
		<Unit filename="../../os/kernel/ucgui/GUI/Widget/LISTVIEW_SetFont.c">
			<Option compilerVar="CC" />
		</Unit>
		<Unit filename="../../os/kernel/ucgui/GUI/Widget/LISTVIEW_SetGridVis.c">
			<Option compilerVar="CC" />
		</Unit>
		<Unit filename="../../os/kernel/ucgui/GUI/Widget/LISTVIEW_SetItemColor.c">
			<Option compilerVar="CC" />
		</Unit>
		<Unit filename="../../os/kernel/ucgui/GUI/Widget/LISTVIEW_SetItemText.c">
			<Option compilerVar="CC" />
		</Unit>
		<Unit filename="../../os/kernel/ucgui/GUI/Widget/LISTVIEW_SetLBorder.c">
			<Option compilerVar="CC" />
		</Unit>
		<Unit filename="../../os/kernel/ucgui/GUI/Widget/LISTVIEW_SetRBorder.c">
			<Option compilerVar="CC" />
		</Unit>
		<Unit filename="../../os/kernel/ucgui/GUI/Widget/LISTVIEW_SetRowHeight.c">
			<Option compilerVar="CC" />
		</Unit>
		<Unit filename="../../os/kernel/ucgui/GUI/Widget/LISTVIEW_SetSel.c">
			<Option compilerVar="CC" />
		</Unit>
		<Unit filename="../../os/kernel/ucgui/GUI/Widget/LISTVIEW_SetTextAlign.c">
			<Option compilerVar="CC" />
		</Unit>
		<Unit filename="../../os/kernel/ucgui/GUI/Widget/LISTVIEW_SetTextColor.c">
			<Option compilerVar="CC" />
		</Unit>
		<Unit filename="../../os/kernel/ucgui/GUI/Widget/MENU.c">
			<Option compilerVar="CC" />
		</Unit>
		<Unit filename="../../os/kernel/ucgui/GUI/Widget/MENU.h" />
		<Unit filename="../../os/kernel/ucgui/GUI/Widget/MENU_Attach.c">
			<Option compilerVar="CC" />
		</Unit>
		<Unit filename="../../os/kernel/ucgui/GUI/Widget/MENU_CreateIndirect.c">
			<Option compilerVar="CC" />
		</Unit>
		<Unit filename="../../os/kernel/ucgui/GUI/Widget/MENU_Default.c">
			<Option compilerVar="CC" />
		</Unit>
		<Unit filename="../../os/kernel/ucgui/GUI/Widget/MENU_DeleteItem.c">
			<Option compilerVar="CC" />
		</Unit>
		<Unit filename="../../os/kernel/ucgui/GUI/Widget/MENU_DisableItem.c">
			<Option compilerVar="CC" />
		</Unit>
		<Unit filename="../../os/kernel/ucgui/GUI/Widget/MENU_EnableItem.c">
			<Option compilerVar="CC" />
		</Unit>
		<Unit filename="../../os/kernel/ucgui/GUI/Widget/MENU_GetItem.c">
			<Option compilerVar="CC" />
		</Unit>
		<Unit filename="../../os/kernel/ucgui/GUI/Widget/MENU_GetItemText.c">
			<Option compilerVar="CC" />
		</Unit>
		<Unit filename="../../os/kernel/ucgui/GUI/Widget/MENU_GetNumItems.c">
			<Option compilerVar="CC" />
		</Unit>
		<Unit filename="../../os/kernel/ucgui/GUI/Widget/MENU_InsertItem.c">
			<Option compilerVar="CC" />
		</Unit>
		<Unit filename="../../os/kernel/ucgui/GUI/Widget/MENU_Popup.c">
			<Option compilerVar="CC" />
		</Unit>
		<Unit filename="../../os/kernel/ucgui/GUI/Widget/MENU_Private.h" />
		<Unit filename="../../os/kernel/ucgui/GUI/Widget/MENU_SetBkColor.c">
			<Option compilerVar="CC" />
		</Unit>
		<Unit filename="../../os/kernel/ucgui/GUI/Widget/MENU_SetBorderSize.c">
			<Option compilerVar="CC" />
		</Unit>
		<Unit filename="../../os/kernel/ucgui/GUI/Widget/MENU_SetFont.c">
			<Option compilerVar="CC" />
		</Unit>
		<Unit filename="../../os/kernel/ucgui/GUI/Widget/MENU_SetItem.c">
			<Option compilerVar="CC" />
		</Unit>
		<Unit filename="../../os/kernel/ucgui/GUI/Widget/MENU_SetTextColor.c">
			<Option compilerVar="CC" />
		</Unit>
		<Unit filename="../../os/kernel/ucgui/GUI/Widget/MENU__FindItem.c">
			<Option compilerVar="CC" />
		</Unit>
		<Unit filename="../../os/kernel/ucgui/GUI/Widget/MESSAGEBOX.c">
			<Option compilerVar="CC" />
		</Unit>
		<Unit filename="../../os/kernel/ucgui/GUI/Widget/MESSAGEBOX.h" />
		<Unit filename="../../os/kernel/ucgui/GUI/Widget/MULTIEDIT.c">
			<Option compilerVar="CC" />
		</Unit>
		<Unit filename="../../os/kernel/ucgui/GUI/Widget/MULTIEDIT.h" />
		<Unit filename="../../os/kernel/ucgui/GUI/Widget/MULTIEDIT_Create.c">
			<Option compilerVar="CC" />
		</Unit>
		<Unit filename="../../os/kernel/ucgui/GUI/Widget/MULTIEDIT_CreateIndirect.c">
			<Option compilerVar="CC" />
		</Unit>
		<Unit filename="../../os/kernel/ucgui/GUI/Widget/MULTIPAGE.c">
			<Option compilerVar="CC" />
		</Unit>
		<Unit filename="../../os/kernel/ucgui/GUI/Widget/MULTIPAGE.h" />
		<Unit filename="../../os/kernel/ucgui/GUI/Widget/MULTIPAGE_Create.c">
			<Option compilerVar="CC" />
		</Unit>
		<Unit filename="../../os/kernel/ucgui/GUI/Widget/MULTIPAGE_CreateIndirect.c">
			<Option compilerVar="CC" />
		</Unit>
		<Unit filename="../../os/kernel/ucgui/GUI/Widget/MULTIPAGE_Default.c">
			<Option compilerVar="CC" />
		</Unit>
		<Unit filename="../../os/kernel/ucgui/GUI/Widget/MULTIPAGE_Private.h" />
		<Unit filename="../../os/kernel/ucgui/GUI/Widget/PROGBAR.c">
			<Option compilerVar="CC" />
		</Unit>
		<Unit filename="../../os/kernel/ucgui/GUI/Widget/PROGBAR.h" />
		<Unit filename="../../os/kernel/ucgui/GUI/Widget/PROGBAR_Create.c">
			<Option compilerVar="CC" />
		</Unit>
		<Unit filename="../../os/kernel/ucgui/GUI/Widget/PROGBAR_CreateIndirect.c">
			<Option compilerVar="CC" />
		</Unit>
		<Unit filename="../../os/kernel/ucgui/GUI/Widget/RADIO.c">
			<Option compilerVar="CC" />
		</Unit>
		<Unit filename="../../os/kernel/ucgui/GUI/Widget/RADIO.h" />
		<Unit filename="../../os/kernel/ucgui/GUI/Widget/RADIO_Create.c">
			<Option compilerVar="CC" />
		</Unit>
		<Unit filename="../../os/kernel/ucgui/GUI/Widget/RADIO_CreateIndirect.c">
			<Option compilerVar="CC" />
		</Unit>
		<Unit filename="../../os/kernel/ucgui/GUI/Widget/RADIO_Default.c">
			<Option compilerVar="CC" />
		</Unit>
		<Unit filename="../../os/kernel/ucgui/GUI/Widget/RADIO_Image.c">
			<Option compilerVar="CC" />
		</Unit>
		<Unit filename="../../os/kernel/ucgui/GUI/Widget/RADIO_Private.h" />
		<Unit filename="../../os/kernel/ucgui/GUI/Widget/RADIO_SetBkColor.c">
			<Option compilerVar="CC" />
		</Unit>
		<Unit filename="../../os/kernel/ucgui/GUI/Widget/RADIO_SetDefaultImage.c">
			<Option compilerVar="CC" />
		</Unit>
		<Unit filename="../../os/kernel/ucgui/GUI/Widget/RADIO_SetFont.c">
			<Option compilerVar="CC" />
		</Unit>
		<Unit filename="../../os/kernel/ucgui/GUI/Widget/RADIO_SetGroupId.c">
			<Option compilerVar="CC" />
		</Unit>
		<Unit filename="../../os/kernel/ucgui/GUI/Widget/RADIO_SetImage.c">
			<Option compilerVar="CC" />
		</Unit>
		<Unit filename="../../os/kernel/ucgui/GUI/Widget/RADIO_SetText.c">
			<Option compilerVar="CC" />
		</Unit>
		<Unit filename="../../os/kernel/ucgui/GUI/Widget/RADIO_SetTextColor.c">
			<Option compilerVar="CC" />
		</Unit>
		<Unit filename="../../os/kernel/ucgui/GUI/Widget/SCROLLBAR.c">
			<Option compilerVar="CC" />
		</Unit>
		<Unit filename="../../os/kernel/ucgui/GUI/Widget/SCROLLBAR.h" />
		<Unit filename="../../os/kernel/ucgui/GUI/Widget/SCROLLBAR_Create.c">
			<Option compilerVar="CC" />
		</Unit>
		<Unit filename="../../os/kernel/ucgui/GUI/Widget/SCROLLBAR_CreateIndirect.c">
			<Option compilerVar="CC" />
		</Unit>
		<Unit filename="../../os/kernel/ucgui/GUI/Widget/SCROLLBAR_Defaults.c">
			<Option compilerVar="CC" />
		</Unit>
		<Unit filename="../../os/kernel/ucgui/GUI/Widget/SCROLLBAR_GetValue.c">
			<Option compilerVar="CC" />
		</Unit>
		<Unit filename="../../os/kernel/ucgui/GUI/Widget/SCROLLBAR_Private.h" />
		<Unit filename="../../os/kernel/ucgui/GUI/Widget/SCROLLBAR_SetWidth.c">
			<Option compilerVar="CC" />
		</Unit>
		<Unit filename="../../os/kernel/ucgui/GUI/Widget/SLIDER.c">
			<Option compilerVar="CC" />
		</Unit>
		<Unit filename="../../os/kernel/ucgui/GUI/Widget/SLIDER.h" />
		<Unit filename="../../os/kernel/ucgui/GUI/Widget/SLIDER_Create.c">
			<Option compilerVar="CC" />
		</Unit>
		<Unit filename="../../os/kernel/ucgui/GUI/Widget/SLIDER_CreateIndirect.c">
			<Option compilerVar="CC" />
		</Unit>
		<Unit filename="../../os/kernel/ucgui/GUI/Widget/TEXT.c">
			<Option compilerVar="CC" />
		</Unit>
		<Unit filename="../../os/kernel/ucgui/GUI/Widget/TEXT.h" />
		<Unit filename="../../os/kernel/ucgui/GUI/Widget/TEXT_Create.c">
			<Option compilerVar="CC" />
		</Unit>
		<Unit filename="../../os/kernel/ucgui/GUI/Widget/TEXT_CreateIndirect.c">
			<Option compilerVar="CC" />
		</Unit>
		<Unit filename="../../os/kernel/ucgui/GUI/Widget/TEXT_Private.h" />
		<Unit filename="../../os/kernel/ucgui/GUI/Widget/TEXT_SetBkColor.c">
			<Option compilerVar="CC" />
		</Unit>
		<Unit filename="../../os/kernel/ucgui/GUI/Widget/TEXT_SetFont.c">
			<Option compilerVar="CC" />
		</Unit>
		<Unit filename="../../os/kernel/ucgui/GUI/Widget/TEXT_SetText.c">
			<Option compilerVar="CC" />
		</Unit>
		<Unit filename="../../os/kernel/ucgui/GUI/Widget/TEXT_SetTextAlign.c">
			<Option compilerVar="CC" />
		</Unit>
		<Unit filename="../../os/kernel/ucgui/GUI/Widget/TEXT_SetTextColor.c">
			<Option compilerVar="CC" />
		</Unit>
		<Unit filename="../../os/kernel/ucgui/GUI/Widget/WIDGET.c">
			<Option compilerVar="CC" />
		</Unit>
		<Unit filename="../../os/kernel/ucgui/GUI/Widget/WIDGET.h" />
		<Unit filename="../../os/kernel/ucgui/GUI/Widget/WIDGET_Effect_3D.c">
			<Option compilerVar="CC" />
		</Unit>
		<Unit filename="../../os/kernel/ucgui/GUI/Widget/WIDGET_Effect_3D1L.c">
			<Option compilerVar="CC" />
		</Unit>
		<Unit filename="../../os/kernel/ucgui/GUI/Widget/WIDGET_Effect_3D2L.c">
			<Option compilerVar="CC" />
		</Unit>
		<Unit filename="../../os/kernel/ucgui/GUI/Widget/WIDGET_Effect_None.c">
			<Option compilerVar="CC" />
		</Unit>
		<Unit filename="../../os/kernel/ucgui/GUI/Widget/WIDGET_Effect_Simple.c">
			<Option compilerVar="CC" />
		</Unit>
		<Unit filename="../../os/kernel/ucgui/GUI/Widget/WIDGET_FillStringInRect.c">
			<Option compilerVar="CC" />
		</Unit>
		<Unit filename="../../os/kernel/ucgui/GUI/Widget/WIDGET_SetEffect.c">
			<Option compilerVar="CC" />
		</Unit>
		<Unit filename="../../os/kernel/ucgui/GUI/Widget/WIDGET_SetWidth.c">
			<Option compilerVar="CC" />
		</Unit>
		<Unit filename="../../os/kernel/ucgui/GUI/Widget/WINDOW.c">
			<Option compilerVar="CC" />
		</Unit>
		<Unit filename="../../os/kernel/ucgui/GUI/Widget/WINDOW_Default.c">
			<Option compilerVar="CC" />
		</Unit>
		<Unit filename="../../os/kernel/ucgui/GUI/Widget/WINDOW_Private.h" />
		<Unit filename="../../os/makefile" />
		<Extensions>
			<code_completion />
			<debugger />
		</Extensions>
	</Project>
</CodeBlocks_project_file>
